// !$*UTF8*$!
{
	archiveVersion = 1;
	classes = {
	};
	objectVersion = 51;
	objects = {

/* Begin PBXBuildFile section */
		0684053D51385645627A6EC2 /* Readme.swift in Sources */ = {isa = PBXBuildFile; fileRef = C938B015CECD020B6FA2206F /* Readme.swift */; };
		069F4D1FC2D1AAE0CF69F4C8 /* MockImage.swift in Sources */ = {isa = PBXBuildFile; fileRef = 1099A7C7E5E89E130751B24C /* MockImage.swift */; };
		06C97BF64E9A3B3D120DC5DA /* Readme.swift in Sources */ = {isa = PBXBuildFile; fileRef = F4946E4B2E8F15E1A3241324 /* Readme.swift */; };
		08123F8EDCFA937A58EDAB30 /* Readme.swift in Sources */ = {isa = PBXBuildFile; fileRef = 2C6734EEF181F0535929116A /* Readme.swift */; };
		0D6BFB49878D5CC48424A07E /* Credentials.swift in Sources */ = {isa = PBXBuildFile; fileRef = 0078638D97BB480D82B18D6C /* Credentials.swift */; };
		0DE3276319B3F7EDE9E5761D /* NotificationViewController.swift in Sources */ = {isa = PBXBuildFile; fileRef = 61DA261A3969E80D4910B919 /* NotificationViewController.swift */; };
		1102DA6C1D1C3B9F9D571A6F /* CardsInfoViewController.swift in Sources */ = {isa = PBXBuildFile; fileRef = 3CEB9D205C9479024B2674FA /* CardsInfoViewController.swift */; };
		11DD43D9D45939B67DC741A1 /* ReadmeViewController.swift in Sources */ = {isa = PBXBuildFile; fileRef = 76740E64DEB7874C6DA73841 /* ReadmeViewController.swift */; };
		135B5B670D81F169A12722DF /* Credentials.swift in Sources */ = {isa = PBXBuildFile; fileRef = 0078638D97BB480D82B18D6C /* Credentials.swift */; };
		161DC1259C44AD89479BA698 /* NotificationService.swift in Sources */ = {isa = PBXBuildFile; fileRef = BA064323F91A22F4E14CAE9D /* NotificationService.swift */; };
		1EB7F46010C2EE195B7F82DA /* Assets.xcassets in Resources */ = {isa = PBXBuildFile; fileRef = 0340E1FFDDBC0C9D72FCD4D4 /* Assets.xcassets */; };
		1F73E5982977DF8B1CBDEAA6 /* CustomInAppMessagePresenter.swift in Sources */ = {isa = PBXBuildFile; fileRef = BBFB1DEB4CDC0C09DF4FF9DC /* CustomInAppMessagePresenter.swift */; };
		2004486C1F497F0D78D3C3C7 /* LaunchScreen.storyboard in Resources */ = {isa = PBXBuildFile; fileRef = CABCDD10D6E23AB146F9F7BA /* LaunchScreen.storyboard */; };
		205B074E35873EF92413D18D /* ReadmeViewController.swift in Sources */ = {isa = PBXBuildFile; fileRef = 76740E64DEB7874C6DA73841 /* ReadmeViewController.swift */; };
		2198B5052B89F561E1408347 /* LaunchScreen.storyboard in Resources */ = {isa = PBXBuildFile; fileRef = 5A56AB422F8DA782A8D2B6FD /* LaunchScreen.storyboard */; };
		23026AD66FF84F25CDE81819 /* ReadmeViewController.swift in Sources */ = {isa = PBXBuildFile; fileRef = 76740E64DEB7874C6DA73841 /* ReadmeViewController.swift */; };
		247143FD4540ED81C56940F1 /* FullWidthSlideupView.swift in Sources */ = {isa = PBXBuildFile; fileRef = 93C74A8AB0317373366057E4 /* FullWidthSlideupView.swift */; };
		272A23EAF6BAD8414B08EBBC /* ReadmeViewController.swift in Sources */ = {isa = PBXBuildFile; fileRef = 76740E64DEB7874C6DA73841 /* ReadmeViewController.swift */; };
		292FEAABE62351F10BD7242B /* ReadmeViewController.swift in Sources */ = {isa = PBXBuildFile; fileRef = 76740E64DEB7874C6DA73841 /* ReadmeViewController.swift */; };
		2CF3E11C7FFCA09427FEABCC /* ReadmeViewController.swift in Sources */ = {isa = PBXBuildFile; fileRef = 76740E64DEB7874C6DA73841 /* ReadmeViewController.swift */; };
		345CA2282BFEFED98328C0C2 /* Readme.swift in Sources */ = {isa = PBXBuildFile; fileRef = 6992ACA4C973FAF6333EE4B2 /* Readme.swift */; };
		34C9C566ACB7B6220C782866 /* LaunchScreen.storyboard in Resources */ = {isa = PBXBuildFile; fileRef = 5A56AB422F8DA782A8D2B6FD /* LaunchScreen.storyboard */; };
		356FD93DCAEAD68D24E91795 /* InAppMessageInfoViewController.swift in Sources */ = {isa = PBXBuildFile; fileRef = 8D93378C85712C1E5E9146B7 /* InAppMessageInfoViewController.swift */; };
		3C7196FB42C17C44254D7055 /* Credentials.swift in Sources */ = {isa = PBXBuildFile; fileRef = 0078638D97BB480D82B18D6C /* Credentials.swift */; };
		3E794CA31FE8246A6EE566B4 /* SDWebImageGIFViewProvider.swift in Sources */ = {isa = PBXBuildFile; fileRef = F224F57B3C4BE13C161148B0 /* SDWebImageGIFViewProvider.swift */; };
		40BBC96C23C0D03C1876EFB3 /* Assets.xcassets in Resources */ = {isa = PBXBuildFile; fileRef = 0340E1FFDDBC0C9D72FCD4D4 /* Assets.xcassets */; };
		40FB9F2DCF0F367CEA6D8E12 /* Credentials.swift in Sources */ = {isa = PBXBuildFile; fileRef = 0078638D97BB480D82B18D6C /* Credentials.swift */; };
		432D837B85AECB56882916FE /* Credentials.swift in Sources */ = {isa = PBXBuildFile; fileRef = 0078638D97BB480D82B18D6C /* Credentials.swift */; };
		43E8FC4FE0FCC54974CED64F /* AppDelegate.swift in Sources */ = {isa = PBXBuildFile; fileRef = BDDE1D547738FC75F10AD5E3 /* AppDelegate.swift */; };
		44DADB7B7CFA12B9AB9CA455 /* MockImage.swift in Sources */ = {isa = PBXBuildFile; fileRef = 1099A7C7E5E89E130751B24C /* MockImage.swift */; };
		478599D4418CF81DD5D95C47 /* ReadmeViewController.swift in Sources */ = {isa = PBXBuildFile; fileRef = 76740E64DEB7874C6DA73841 /* ReadmeViewController.swift */; };
		496F65492019BD1A4FE5F6A4 /* Extensions.swift in Sources */ = {isa = PBXBuildFile; fileRef = 1994AAD3540F9A97336B542D /* Extensions.swift */; };
		4B5DE5B818AF38D3D32DE44D /* Credentials.swift in Sources */ = {isa = PBXBuildFile; fileRef = 0078638D97BB480D82B18D6C /* Credentials.swift */; };
		4C540B906F61167621B755FA /* Readme.swift in Sources */ = {isa = PBXBuildFile; fileRef = F4946E4B2E8F15E1A3241324 /* Readme.swift */; };
		523A5EF3FC7E75837C56E9F1 /* MockImage.swift in Sources */ = {isa = PBXBuildFile; fileRef = 1099A7C7E5E89E130751B24C /* MockImage.swift */; };
		55BE220F9A64058BE8CE2A00 /* SDWebImageGIFViewProvider.swift in Sources */ = {isa = PBXBuildFile; fileRef = 20ACDCAF82FAFB8B4915FF5D /* SDWebImageGIFViewProvider.swift */; };
		56E71FBF34C707A0C76D4E92 /* PushNotificationsServiceExtension.appex in Embed App Extensions */ = {isa = PBXBuildFile; fileRef = 40B660242E5E30D22F3AC51E /* PushNotificationsServiceExtension.appex */; settings = {ATTRIBUTES = (RemoveHeadersOnCopy, ); }; };
		5752C25DC8C2CA0C0925C10F /* UserNotifications.framework in Frameworks */ = {isa = PBXBuildFile; fileRef = 6208C00FB5F7F0284A26EF20 /* UserNotifications.framework */; };
		5895FE9958ED00F6EB101FE3 /* AppDelegate.swift in Sources */ = {isa = PBXBuildFile; fileRef = 0041AFC6938603AA8E408C85 /* AppDelegate.swift */; };
		5FC97622559904A83BEB7082 /* Readme.swift in Sources */ = {isa = PBXBuildFile; fileRef = 44FBE4BAAD0A7EFA2E43ED70 /* Readme.swift */; };
		60D9B416B69C17AD0FF5FD87 /* UserNotifications.framework in Frameworks */ = {isa = PBXBuildFile; fileRef = 6208C00FB5F7F0284A26EF20 /* UserNotifications.framework */; };
		614AF2E22ADA853DF9227F6F /* LaunchScreen.storyboard in Resources */ = {isa = PBXBuildFile; fileRef = CABCDD10D6E23AB146F9F7BA /* LaunchScreen.storyboard */; };
		639A93232862A95314463DE5 /* Assets.xcassets in Resources */ = {isa = PBXBuildFile; fileRef = 0340E1FFDDBC0C9D72FCD4D4 /* Assets.xcassets */; };
		65D110C8D2CCFE582C33FEFE /* Assets.xcassets in Resources */ = {isa = PBXBuildFile; fileRef = 0340E1FFDDBC0C9D72FCD4D4 /* Assets.xcassets */; };
		667F36DD2198D4DA01794DEE /* Credentials.swift in Sources */ = {isa = PBXBuildFile; fileRef = 0078638D97BB480D82B18D6C /* Credentials.swift */; };
		6E186056B0E0BED56C16A3B1 /* AppDelegate.swift in Sources */ = {isa = PBXBuildFile; fileRef = B7B31A0AD9310E76D8820B67 /* AppDelegate.swift */; };
		6F2E37C2C6236133A73B2DA7 /* MockImage.swift in Sources */ = {isa = PBXBuildFile; fileRef = 1099A7C7E5E89E130751B24C /* MockImage.swift */; };
		7246237C3E3EFEE060D4520F /* Readme.swift in Sources */ = {isa = PBXBuildFile; fileRef = C938B015CECD020B6FA2206F /* Readme.swift */; };
		72BE89025E94DA8F7F7970AB /* MockImage.swift in Sources */ = {isa = PBXBuildFile; fileRef = 1099A7C7E5E89E130751B24C /* MockImage.swift */; };
		79F0CFE1D23AB1C09F5BA9A0 /* AppDelegate.swift in Sources */ = {isa = PBXBuildFile; fileRef = 405EC9F18FB085ECB16DB4F2 /* AppDelegate.swift */; };
		7B812A1EEE21F16A51F14991 /* AppDelegate.swift in Sources */ = {isa = PBXBuildFile; fileRef = B16ACF11150875C20E08B3AC /* AppDelegate.swift */; };
		7BD7D03FB0E6E381E2CB291A /* CheckoutViewController.swift in Sources */ = {isa = PBXBuildFile; fileRef = 8A11FA051B21C67BB9D89127 /* CheckoutViewController.swift */; };
		7FA271D4094CC903F4D8CA14 /* Extensions.swift in Sources */ = {isa = PBXBuildFile; fileRef = 1994AAD3540F9A97336B542D /* Extensions.swift */; };
		7FC56E25CCA1B6080699728A /* Assets.xcassets in Resources */ = {isa = PBXBuildFile; fileRef = 0340E1FFDDBC0C9D72FCD4D4 /* Assets.xcassets */; };
		801A7B564FDBB3FA929BA3E0 /* Credentials.swift in Sources */ = {isa = PBXBuildFile; fileRef = 0078638D97BB480D82B18D6C /* Credentials.swift */; };
		82635DB213CF8249B31A612D /* Readme.swift in Sources */ = {isa = PBXBuildFile; fileRef = D6742114C06FC93D4AA30B5B /* Readme.swift */; };
		849BF8AD70E050B555CD942C /* ReadmeViewController.swift in Sources */ = {isa = PBXBuildFile; fileRef = 76740E64DEB7874C6DA73841 /* ReadmeViewController.swift */; };
		86BCC651E1B01D82F6DDA664 /* Credentials.swift in Sources */ = {isa = PBXBuildFile; fileRef = 0078638D97BB480D82B18D6C /* Credentials.swift */; };
		878B628352CB4EAC06C1BE1D /* MockImage.swift in Sources */ = {isa = PBXBuildFile; fileRef = 1099A7C7E5E89E130751B24C /* MockImage.swift */; };
		88844A9880FFD74A9B042863 /* CheckoutViewController.swift in Sources */ = {isa = PBXBuildFile; fileRef = 8A11FA051B21C67BB9D89127 /* CheckoutViewController.swift */; };
		8AA046F58DFE835A8DBDC2FB /* Assets.xcassets in Resources */ = {isa = PBXBuildFile; fileRef = 0340E1FFDDBC0C9D72FCD4D4 /* Assets.xcassets */; };
		8B1BBB06A40509279B6EBF54 /* MockImage.swift in Sources */ = {isa = PBXBuildFile; fileRef = 1099A7C7E5E89E130751B24C /* MockImage.swift */; };
		8EA064B314AC1FFF778E11BC /* AppDelegate.swift in Sources */ = {isa = PBXBuildFile; fileRef = 5C30CE34888116E754351344 /* AppDelegate.swift */; };
		93B2F772CCA4F0E1E96CC750 /* MockImage.swift in Sources */ = {isa = PBXBuildFile; fileRef = 1099A7C7E5E89E130751B24C /* MockImage.swift */; };
		9840806A060D7FA1A1C04DDB /* CustomInAppMessagePresenter.swift in Sources */ = {isa = PBXBuildFile; fileRef = BBFB1DEB4CDC0C09DF4FF9DC /* CustomInAppMessagePresenter.swift */; };
		9AA553CA710417B6B9261B6C /* Credentials.swift in Sources */ = {isa = PBXBuildFile; fileRef = 0078638D97BB480D82B18D6C /* Credentials.swift */; };
		9ADF0CB1A3ED2E0940A3D1D6 /* MockImage.swift in Sources */ = {isa = PBXBuildFile; fileRef = 1099A7C7E5E89E130751B24C /* MockImage.swift */; };
		9BE24EB7834014A841226C6F /* AuthenticationManager.swift in Sources */ = {isa = PBXBuildFile; fileRef = BE9A4EACB9451C069A63F43F /* AuthenticationManager.swift */; };
		9C4BA0B17CDD5749B1E02314 /* LaunchScreen.storyboard in Resources */ = {isa = PBXBuildFile; fileRef = CABCDD10D6E23AB146F9F7BA /* LaunchScreen.storyboard */; };
		9EDF374BDDDC2F7BDE7DC3B7 /* AppDelegate.swift in Sources */ = {isa = PBXBuildFile; fileRef = 5BBBD41BB997EBF5820D819F /* AppDelegate.swift */; };
		A8360DD54C28212707944F4A /* ReadmeViewController.swift in Sources */ = {isa = PBXBuildFile; fileRef = 76740E64DEB7874C6DA73841 /* ReadmeViewController.swift */; };
		AAE8B9B2CD0EFD8BC1386C00 /* Readme.swift in Sources */ = {isa = PBXBuildFile; fileRef = AFF5B7638E61D0A89CA64347 /* Readme.swift */; };
		AB2FE63CFBECFD1045D16ED7 /* Assets.xcassets in Resources */ = {isa = PBXBuildFile; fileRef = 0340E1FFDDBC0C9D72FCD4D4 /* Assets.xcassets */; };
		AB3F67EEE9255DAA9A2BB799 /* SDWebImageGIFViewProvider.swift in Sources */ = {isa = PBXBuildFile; fileRef = 5C2EDAC4345C8A7EC73C0A9C /* SDWebImageGIFViewProvider.swift */; };
		AB90E69DF960F3664C2FA3D7 /* AppDelegate.swift in Sources */ = {isa = PBXBuildFile; fileRef = 0041AFC6938603AA8E408C85 /* AppDelegate.swift */; };
		ADC57BB91E99F03639362DBE /* Assets.xcassets in Resources */ = {isa = PBXBuildFile; fileRef = 0340E1FFDDBC0C9D72FCD4D4 /* Assets.xcassets */; };
		AE9F2211F733CD0E2D2AFC0B /* CustomClassicImageCell.swift in Sources */ = {isa = PBXBuildFile; fileRef = 10E9BA8357610D7CCDC06664 /* CustomClassicImageCell.swift */; };
		AEDDEDC6F9B5D7838BE908D6 /* PushNotificationsContentExtension.appex in Embed App Extensions */ = {isa = PBXBuildFile; fileRef = 7EFD35FD440D538F5EB8F021 /* PushNotificationsContentExtension.appex */; settings = {ATTRIBUTES = (RemoveHeadersOnCopy, ); }; };
		B3002DB2A8D026865BE7251B /* SDWebImageGIFViewProvider.swift in Sources */ = {isa = PBXBuildFile; fileRef = A451FB52C676012C8625D55C /* SDWebImageGIFViewProvider.swift */; };
		B33A20E1225D89AC30CEC430 /* ReadmeViewController.swift in Sources */ = {isa = PBXBuildFile; fileRef = 76740E64DEB7874C6DA73841 /* ReadmeViewController.swift */; };
		B9407B30787F88FAEDF42BC5 /* AppDelegate.swift in Sources */ = {isa = PBXBuildFile; fileRef = 5BBBD41BB997EBF5820D819F /* AppDelegate.swift */; };
		B9FD7A99B38E4F820A640660 /* ReadmeViewController.swift in Sources */ = {isa = PBXBuildFile; fileRef = 76740E64DEB7874C6DA73841 /* ReadmeViewController.swift */; };
		BF4E8A203E306C324C3D7EEA /* ReadmeViewController.swift in Sources */ = {isa = PBXBuildFile; fileRef = 76740E64DEB7874C6DA73841 /* ReadmeViewController.swift */; };
		C0ABFE39A262A4EFAA274C5A /* Assets.xcassets in Resources */ = {isa = PBXBuildFile; fileRef = 0340E1FFDDBC0C9D72FCD4D4 /* Assets.xcassets */; };
		C0D38B13A94DADB550966E38 /* LaunchScreen.storyboard in Resources */ = {isa = PBXBuildFile; fileRef = 5A56AB422F8DA782A8D2B6FD /* LaunchScreen.storyboard */; };
		C650783920A53EDD98DD19E5 /* LaunchScreen.storyboard in Resources */ = {isa = PBXBuildFile; fileRef = CABCDD10D6E23AB146F9F7BA /* LaunchScreen.storyboard */; };
		CB5A598CA883F225164544FB /* LaunchScreen.storyboard in Resources */ = {isa = PBXBuildFile; fileRef = CABCDD10D6E23AB146F9F7BA /* LaunchScreen.storyboard */; };
		CF19792AFCEF53A28612612B /* Assets.xcassets in Resources */ = {isa = PBXBuildFile; fileRef = 0340E1FFDDBC0C9D72FCD4D4 /* Assets.xcassets */; };
		D11E987E346B85F0966242D5 /* LaunchScreen.storyboard in Resources */ = {isa = PBXBuildFile; fileRef = CABCDD10D6E23AB146F9F7BA /* LaunchScreen.storyboard */; };
		D1B4FEFA476833265065E137 /* LaunchScreen.storyboard in Resources */ = {isa = PBXBuildFile; fileRef = 5A56AB422F8DA782A8D2B6FD /* LaunchScreen.storyboard */; };
		D23B5BC12CBA1752292BADB0 /* MockImage.swift in Sources */ = {isa = PBXBuildFile; fileRef = 1099A7C7E5E89E130751B24C /* MockImage.swift */; };
		D4858A10B4156FAB0AD564A8 /* ConfirmButtonSlideupView.swift in Sources */ = {isa = PBXBuildFile; fileRef = 96894D8C1584EE12A5157761 /* ConfirmButtonSlideupView.swift */; };
		D85EB7E1A82E081898089884 /* Readme.swift in Sources */ = {isa = PBXBuildFile; fileRef = 44FBE4BAAD0A7EFA2E43ED70 /* Readme.swift */; };
		D9302D865FB50ABD4486BC20 /* Credentials.swift in Sources */ = {isa = PBXBuildFile; fileRef = 0078638D97BB480D82B18D6C /* Credentials.swift */; };
		DAA18481E36225A541BF8091 /* LaunchScreen.storyboard in Resources */ = {isa = PBXBuildFile; fileRef = CABCDD10D6E23AB146F9F7BA /* LaunchScreen.storyboard */; };
		DAB2F6E16C0005941B5CC8EA /* Readme.swift in Sources */ = {isa = PBXBuildFile; fileRef = 6992ACA4C973FAF6333EE4B2 /* Readme.swift */; };
		DBB5253667D14BAA31F4CC93 /* CardsInfoViewController.swift in Sources */ = {isa = PBXBuildFile; fileRef = 3CEB9D205C9479024B2674FA /* CardsInfoViewController.swift */; };
		DE53BE67D8DAD53909211056 /* InAppMessageInfoViewController.swift in Sources */ = {isa = PBXBuildFile; fileRef = 8D93378C85712C1E5E9146B7 /* InAppMessageInfoViewController.swift */; };
		E01F64D0A2B2BF0A7FC8E292 /* MockImage.swift in Sources */ = {isa = PBXBuildFile; fileRef = 1099A7C7E5E89E130751B24C /* MockImage.swift */; };
		E2874959B3B047F5B4DF82B6 /* Assets.xcassets in Resources */ = {isa = PBXBuildFile; fileRef = 0340E1FFDDBC0C9D72FCD4D4 /* Assets.xcassets */; };
		E497B8E5C5510F2B03179702 /* Credentials.swift in Sources */ = {isa = PBXBuildFile; fileRef = 0078638D97BB480D82B18D6C /* Credentials.swift */; };
		E55B655798FDC3A053213A55 /* Readme.swift in Sources */ = {isa = PBXBuildFile; fileRef = 56B8597B8B1BE2497CEFD038 /* Readme.swift */; };
		E63FFCC8439CC53E8F297431 /* UserNotificationsUI.framework in Frameworks */ = {isa = PBXBuildFile; fileRef = 1874579DE7E406E73A3CB3A1 /* UserNotificationsUI.framework */; };
		E83FD3473FD4FF5F37C5003B /* AppDelegate.swift in Sources */ = {isa = PBXBuildFile; fileRef = 405EC9F18FB085ECB16DB4F2 /* AppDelegate.swift */; };
		E9E8435129B8C5C86F579395 /* Assets.xcassets in Resources */ = {isa = PBXBuildFile; fileRef = 0340E1FFDDBC0C9D72FCD4D4 /* Assets.xcassets */; };
		EA836E31376F97EB1EA08854 /* AppDelegate.swift in Sources */ = {isa = PBXBuildFile; fileRef = 10608DDB131D70F8273A64B7 /* AppDelegate.swift */; };
		EB71881CFACEA23DC2CF8112 /* Assets.xcassets in Resources */ = {isa = PBXBuildFile; fileRef = 0340E1FFDDBC0C9D72FCD4D4 /* Assets.xcassets */; };
		ECF4B3DD82D61470A3EFC3E6 /* LaunchScreen.storyboard in Resources */ = {isa = PBXBuildFile; fileRef = CABCDD10D6E23AB146F9F7BA /* LaunchScreen.storyboard */; };
		EDD685719D7C6421E3333BA4 /* MockImage.swift in Sources */ = {isa = PBXBuildFile; fileRef = 1099A7C7E5E89E130751B24C /* MockImage.swift */; };
		EE1A489AA9350D6C14CBBBCE /* LaunchScreen.storyboard in Resources */ = {isa = PBXBuildFile; fileRef = CABCDD10D6E23AB146F9F7BA /* LaunchScreen.storyboard */; };
		EEC8E34CA6F186D5CCE5D080 /* AppDelegate.swift in Sources */ = {isa = PBXBuildFile; fileRef = B7B31A0AD9310E76D8820B67 /* AppDelegate.swift */; };
		F3414EC79F076EE60810E147 /* Credentials.swift in Sources */ = {isa = PBXBuildFile; fileRef = 0078638D97BB480D82B18D6C /* Credentials.swift */; };
		F42CC1B49E69F3E73EFAAA3C /* AppDelegate.swift in Sources */ = {isa = PBXBuildFile; fileRef = 514DAF551BD9AE51D34F1ACB /* AppDelegate.swift */; };
		F57B565FDC038BD0215DD232 /* ReadmeViewController.swift in Sources */ = {isa = PBXBuildFile; fileRef = 76740E64DEB7874C6DA73841 /* ReadmeViewController.swift */; };
		F8A17ADE416B1BDA0913DFC8 /* Readme.swift in Sources */ = {isa = PBXBuildFile; fileRef = D256C020EC4A6696D3E18665 /* Readme.swift */; };
		FB4712FECE056DF38CF53AC7 /* MockImage.swift in Sources */ = {isa = PBXBuildFile; fileRef = 1099A7C7E5E89E130751B24C /* MockImage.swift */; };
		FD1986DD237FE5FF21F3B718 /* AuthenticationManager.swift in Sources */ = {isa = PBXBuildFile; fileRef = BE9A4EACB9451C069A63F43F /* AuthenticationManager.swift */; };
/* End PBXBuildFile section */

/* Begin PBXContainerItemProxy section */
		2E6E453ED2C838C4006D08F8 /* PBXContainerItemProxy */ = {
			isa = PBXContainerItemProxy;
			containerPortal = C9F9231105531CE428ADD921 /* Project object */;
			proxyType = 1;
			remoteGlobalIDString = C7435EF6816986F173CAB4E9;
			remoteInfo = PushNotificationsContentExtension;
		};
		33F46D6820611AA9F861E4F9 /* PBXContainerItemProxy */ = {
			isa = PBXContainerItemProxy;
			containerPortal = C9F9231105531CE428ADD921 /* Project object */;
			proxyType = 1;
			remoteGlobalIDString = CCD5FB3CEF0797FD385EA7F3;
			remoteInfo = PushNotificationsServiceExtension;
		};
/* End PBXContainerItemProxy section */

/* Begin PBXCopyFilesBuildPhase section */
		59784E19DCC3D0A5254ECC61 /* Embed App Extensions */ = {
			isa = PBXCopyFilesBuildPhase;
			buildActionMask = 2147483647;
			dstPath = "";
			dstSubfolderSpec = 13;
			files = (
				56E71FBF34C707A0C76D4E92 /* PushNotificationsServiceExtension.appex in Embed App Extensions */,
				AEDDEDC6F9B5D7838BE908D6 /* PushNotificationsContentExtension.appex in Embed App Extensions */,
			);
			name = "Embed App Extensions";
			runOnlyForDeploymentPostprocessing = 0;
		};
/* End PBXCopyFilesBuildPhase section */

/* Begin PBXFileReference section */
		0041AFC6938603AA8E408C85 /* AppDelegate.swift */ = {isa = PBXFileReference; lastKnownFileType = sourcecode.swift; path = AppDelegate.swift; sourceTree = "<group>"; };
		0078638D97BB480D82B18D6C /* Credentials.swift */ = {isa = PBXFileReference; lastKnownFileType = sourcecode.swift; path = Credentials.swift; sourceTree = "<group>"; };
		0340E1FFDDBC0C9D72FCD4D4 /* Assets.xcassets */ = {isa = PBXFileReference; lastKnownFileType = folder.assetcatalog; path = Assets.xcassets; sourceTree = "<group>"; };
		05A5CB32692A4493359A70F2 /* InAppMessages-Custom-UI.app */ = {isa = PBXFileReference; includeInIndex = 0; lastKnownFileType = wrapper.application; path = "InAppMessages-Custom-UI.app"; sourceTree = BUILT_PRODUCTS_DIR; };
		0F4B1C1A4381988C1833854B /* InAppMessageUI-Customization.app */ = {isa = PBXFileReference; includeInIndex = 0; lastKnownFileType = wrapper.application; path = "InAppMessageUI-Customization.app"; sourceTree = BUILT_PRODUCTS_DIR; };
		10608DDB131D70F8273A64B7 /* AppDelegate.swift */ = {isa = PBXFileReference; lastKnownFileType = sourcecode.swift; path = AppDelegate.swift; sourceTree = "<group>"; };
		1099A7C7E5E89E130751B24C /* MockImage.swift */ = {isa = PBXFileReference; lastKnownFileType = sourcecode.swift; path = MockImage.swift; sourceTree = "<group>"; };
		10E9BA8357610D7CCDC06664 /* CustomClassicImageCell.swift */ = {isa = PBXFileReference; lastKnownFileType = sourcecode.swift; path = CustomClassicImageCell.swift; sourceTree = "<group>"; };
		1874579DE7E406E73A3CB3A1 /* UserNotificationsUI.framework */ = {isa = PBXFileReference; lastKnownFileType = wrapper.framework; name = UserNotificationsUI.framework; path = System/Library/Frameworks/UserNotificationsUI.framework; sourceTree = SDKROOT; };
		1994AAD3540F9A97336B542D /* Extensions.swift */ = {isa = PBXFileReference; lastKnownFileType = sourcecode.swift; path = Extensions.swift; sourceTree = "<group>"; };
		20ACDCAF82FAFB8B4915FF5D /* SDWebImageGIFViewProvider.swift */ = {isa = PBXFileReference; lastKnownFileType = sourcecode.swift; path = SDWebImageGIFViewProvider.swift; sourceTree = "<group>"; };
		2C6734EEF181F0535929116A /* Readme.swift */ = {isa = PBXFileReference; lastKnownFileType = sourcecode.swift; path = Readme.swift; sourceTree = "<group>"; };
		34DB46A770028DFE645A3AE4 /* Location.app */ = {isa = PBXFileReference; includeInIndex = 0; lastKnownFileType = wrapper.application; path = Location.app; sourceTree = BUILT_PRODUCTS_DIR; };
		3CEB9D205C9479024B2674FA /* CardsInfoViewController.swift */ = {isa = PBXFileReference; lastKnownFileType = sourcecode.swift; path = CardsInfoViewController.swift; sourceTree = "<group>"; };
		3E8380DBBF4867829281E73C /* ContentCardUI-Customization.app */ = {isa = PBXFileReference; includeInIndex = 0; lastKnownFileType = wrapper.application; path = "ContentCardUI-Customization.app"; sourceTree = BUILT_PRODUCTS_DIR; };
		405EC9F18FB085ECB16DB4F2 /* AppDelegate.swift */ = {isa = PBXFileReference; lastKnownFileType = sourcecode.swift; path = AppDelegate.swift; sourceTree = "<group>"; };
		40B660242E5E30D22F3AC51E /* PushNotificationsServiceExtension.appex */ = {isa = PBXFileReference; includeInIndex = 0; lastKnownFileType = "wrapper.app-extension"; path = PushNotificationsServiceExtension.appex; sourceTree = BUILT_PRODUCTS_DIR; };
		42BA0F61D883E0421B3FA7CA /* Base */ = {isa = PBXFileReference; lastKnownFileType = file.storyboard; name = Base; path = Base.lproj/LaunchScreen.storyboard; sourceTree = "<group>"; };
		44FBE4BAAD0A7EFA2E43ED70 /* Readme.swift */ = {isa = PBXFileReference; lastKnownFileType = sourcecode.swift; path = Readme.swift; sourceTree = "<group>"; };
		514DAF551BD9AE51D34F1ACB /* AppDelegate.swift */ = {isa = PBXFileReference; lastKnownFileType = sourcecode.swift; path = AppDelegate.swift; sourceTree = "<group>"; };
		56B8597B8B1BE2497CEFD038 /* Readme.swift */ = {isa = PBXFileReference; lastKnownFileType = sourcecode.swift; path = Readme.swift; sourceTree = "<group>"; };
		582681504B814C38AB76A767 /* InAppMessageUI.app */ = {isa = PBXFileReference; includeInIndex = 0; lastKnownFileType = wrapper.application; path = InAppMessageUI.app; sourceTree = BUILT_PRODUCTS_DIR; };
		5BBBD41BB997EBF5820D819F /* AppDelegate.swift */ = {isa = PBXFileReference; lastKnownFileType = sourcecode.swift; path = AppDelegate.swift; sourceTree = "<group>"; };
		5C2EDAC4345C8A7EC73C0A9C /* SDWebImageGIFViewProvider.swift */ = {isa = PBXFileReference; lastKnownFileType = sourcecode.swift; path = SDWebImageGIFViewProvider.swift; sourceTree = "<group>"; };
		5C30CE34888116E754351344 /* AppDelegate.swift */ = {isa = PBXFileReference; lastKnownFileType = sourcecode.swift; path = AppDelegate.swift; sourceTree = "<group>"; };
		61DA261A3969E80D4910B919 /* NotificationViewController.swift */ = {isa = PBXFileReference; lastKnownFileType = sourcecode.swift; path = NotificationViewController.swift; sourceTree = "<group>"; };
		6208C00FB5F7F0284A26EF20 /* UserNotifications.framework */ = {isa = PBXFileReference; lastKnownFileType = wrapper.framework; name = UserNotifications.framework; path = System/Library/Frameworks/UserNotifications.framework; sourceTree = SDKROOT; };
		6832319B66FB76CAA84519FA /* Location.app */ = {isa = PBXFileReference; includeInIndex = 0; lastKnownFileType = wrapper.application; path = Location.app; sourceTree = BUILT_PRODUCTS_DIR; };
		6992ACA4C973FAF6333EE4B2 /* Readme.swift */ = {isa = PBXFileReference; lastKnownFileType = sourcecode.swift; path = Readme.swift; sourceTree = "<group>"; };
		76740E64DEB7874C6DA73841 /* ReadmeViewController.swift */ = {isa = PBXFileReference; lastKnownFileType = sourcecode.swift; path = ReadmeViewController.swift; sourceTree = "<group>"; };
		7EFD35FD440D538F5EB8F021 /* PushNotificationsContentExtension.appex */ = {isa = PBXFileReference; includeInIndex = 0; lastKnownFileType = "wrapper.app-extension"; path = PushNotificationsContentExtension.appex; sourceTree = BUILT_PRODUCTS_DIR; };
		8854CADF86F02FA64B2CC3F1 /* ContentCards-Custom-UI.app */ = {isa = PBXFileReference; includeInIndex = 0; lastKnownFileType = wrapper.application; path = "ContentCards-Custom-UI.app"; sourceTree = BUILT_PRODUCTS_DIR; };
		89A6F6ADFDCAC1464C091E61 /* ContentCardUI.app */ = {isa = PBXFileReference; includeInIndex = 0; lastKnownFileType = wrapper.application; path = ContentCardUI.app; sourceTree = BUILT_PRODUCTS_DIR; };
		8A11FA051B21C67BB9D89127 /* CheckoutViewController.swift */ = {isa = PBXFileReference; lastKnownFileType = sourcecode.swift; path = CheckoutViewController.swift; sourceTree = "<group>"; };
		8D93378C85712C1E5E9146B7 /* InAppMessageInfoViewController.swift */ = {isa = PBXFileReference; lastKnownFileType = sourcecode.swift; path = InAppMessageInfoViewController.swift; sourceTree = "<group>"; };
		93C74A8AB0317373366057E4 /* FullWidthSlideupView.swift */ = {isa = PBXFileReference; lastKnownFileType = sourcecode.swift; path = FullWidthSlideupView.swift; sourceTree = "<group>"; };
		96894D8C1584EE12A5157761 /* ConfirmButtonSlideupView.swift */ = {isa = PBXFileReference; lastKnownFileType = sourcecode.swift; path = ConfirmButtonSlideupView.swift; sourceTree = "<group>"; };
		9E2B80BBE3951963FBA6BBD3 /* Analytics.app */ = {isa = PBXFileReference; includeInIndex = 0; lastKnownFileType = wrapper.application; path = Analytics.app; sourceTree = BUILT_PRODUCTS_DIR; };
		A37E3B0FA418AB843D26F7F9 /* PushNotifications.app */ = {isa = PBXFileReference; includeInIndex = 0; lastKnownFileType = wrapper.application; path = PushNotifications.app; sourceTree = BUILT_PRODUCTS_DIR; };
		A451FB52C676012C8625D55C /* SDWebImageGIFViewProvider.swift */ = {isa = PBXFileReference; lastKnownFileType = sourcecode.swift; path = SDWebImageGIFViewProvider.swift; sourceTree = "<group>"; };
		A77BCD95413ADCF8578235CE /* Base */ = {isa = PBXFileReference; lastKnownFileType = file.storyboard; name = Base; path = Base.lproj/LaunchScreen.storyboard; sourceTree = "<group>"; };
		AFF5B7638E61D0A89CA64347 /* Readme.swift */ = {isa = PBXFileReference; lastKnownFileType = sourcecode.swift; path = Readme.swift; sourceTree = "<group>"; };
		B16ACF11150875C20E08B3AC /* AppDelegate.swift */ = {isa = PBXFileReference; lastKnownFileType = sourcecode.swift; path = AppDelegate.swift; sourceTree = "<group>"; };
		B7B31A0AD9310E76D8820B67 /* AppDelegate.swift */ = {isa = PBXFileReference; lastKnownFileType = sourcecode.swift; path = AppDelegate.swift; sourceTree = "<group>"; };
		BA064323F91A22F4E14CAE9D /* NotificationService.swift */ = {isa = PBXFileReference; lastKnownFileType = sourcecode.swift; path = NotificationService.swift; sourceTree = "<group>"; };
		BBFB1DEB4CDC0C09DF4FF9DC /* CustomInAppMessagePresenter.swift */ = {isa = PBXFileReference; lastKnownFileType = sourcecode.swift; path = CustomInAppMessagePresenter.swift; sourceTree = "<group>"; };
		BDDE1D547738FC75F10AD5E3 /* AppDelegate.swift */ = {isa = PBXFileReference; lastKnownFileType = sourcecode.swift; path = AppDelegate.swift; sourceTree = "<group>"; };
		BE9A4EACB9451C069A63F43F /* AuthenticationManager.swift */ = {isa = PBXFileReference; lastKnownFileType = sourcecode.swift; path = AuthenticationManager.swift; sourceTree = "<group>"; };
		C78E0B5A5D52F990511A4091 /* ContentCards-Custom-UI.app */ = {isa = PBXFileReference; includeInIndex = 0; lastKnownFileType = wrapper.application; path = "ContentCards-Custom-UI.app"; sourceTree = BUILT_PRODUCTS_DIR; };
		C938B015CECD020B6FA2206F /* Readme.swift */ = {isa = PBXFileReference; lastKnownFileType = sourcecode.swift; path = Readme.swift; sourceTree = "<group>"; };
		D256C020EC4A6696D3E18665 /* Readme.swift */ = {isa = PBXFileReference; lastKnownFileType = sourcecode.swift; path = Readme.swift; sourceTree = "<group>"; };
		D6742114C06FC93D4AA30B5B /* Readme.swift */ = {isa = PBXFileReference; lastKnownFileType = sourcecode.swift; path = Readme.swift; sourceTree = "<group>"; };
		DE3608B9E460175A349CDB87 /* Analytics.app */ = {isa = PBXFileReference; includeInIndex = 0; lastKnownFileType = wrapper.application; path = Analytics.app; sourceTree = BUILT_PRODUCTS_DIR; };
		F224F57B3C4BE13C161148B0 /* SDWebImageGIFViewProvider.swift */ = {isa = PBXFileReference; lastKnownFileType = sourcecode.swift; path = SDWebImageGIFViewProvider.swift; sourceTree = "<group>"; };
		F4946E4B2E8F15E1A3241324 /* Readme.swift */ = {isa = PBXFileReference; lastKnownFileType = sourcecode.swift; path = Readme.swift; sourceTree = "<group>"; };
		FE50398A21EB6A33EE9874A2 /* InAppMessages-Custom-UI.app */ = {isa = PBXFileReference; includeInIndex = 0; lastKnownFileType = wrapper.application; path = "InAppMessages-Custom-UI.app"; sourceTree = BUILT_PRODUCTS_DIR; };
/* End PBXFileReference section */

/* Begin PBXFrameworksBuildPhase section */
		9C12D40A1EC1FBCBD6CA4D4C /* Frameworks */ = {
			isa = PBXFrameworksBuildPhase;
			buildActionMask = 2147483647;
			files = (
				5752C25DC8C2CA0C0925C10F /* UserNotifications.framework in Frameworks */,
			);
			runOnlyForDeploymentPostprocessing = 0;
		};
		E5DFE50012E3C956DEE08F20 /* Frameworks */ = {
			isa = PBXFrameworksBuildPhase;
			buildActionMask = 2147483647;
			files = (
				60D9B416B69C17AD0FF5FD87 /* UserNotifications.framework in Frameworks */,
				E63FFCC8439CC53E8F297431 /* UserNotificationsUI.framework in Frameworks */,
			);
			runOnlyForDeploymentPostprocessing = 0;
		};
/* End PBXFrameworksBuildPhase section */

/* Begin PBXGroup section */
		09094FD860B8CA12810EF498 /* InAppMessageUI */ = {
			isa = PBXGroup;
			children = (
				B16ACF11150875C20E08B3AC /* AppDelegate.swift */,
				56B8597B8B1BE2497CEFD038 /* Readme.swift */,
				5C2EDAC4345C8A7EC73C0A9C /* SDWebImageGIFViewProvider.swift */,
			);
			name = InAppMessageUI;
			path = Sources/InAppMessageUI;
			sourceTree = "<group>";
		};
		18E20A5B6EE782E135552DA6 /* Subclasses */ = {
			isa = PBXGroup;
			children = (
				96894D8C1584EE12A5157761 /* ConfirmButtonSlideupView.swift */,
				93C74A8AB0317373366057E4 /* FullWidthSlideupView.swift */,
			);
			path = Subclasses;
			sourceTree = "<group>";
		};
		45F192846EACB1A9AA4B13B4 /* InAppMessageUI-Customization */ = {
			isa = PBXGroup;
			children = (
				BDDE1D547738FC75F10AD5E3 /* AppDelegate.swift */,
				2C6734EEF181F0535929116A /* Readme.swift */,
				20ACDCAF82FAFB8B4915FF5D /* SDWebImageGIFViewProvider.swift */,
				18E20A5B6EE782E135552DA6 /* Subclasses */,
			);
			name = "InAppMessageUI-Customization";
			path = "Sources/InAppMessageUI-Customization";
			sourceTree = "<group>";
		};
		4F38F2ACA591DCA04EF16BB1 /* Location */ = {
			isa = PBXGroup;
			children = (
				405EC9F18FB085ECB16DB4F2 /* AppDelegate.swift */,
				44FBE4BAAD0A7EFA2E43ED70 /* Readme.swift */,
			);
			name = Location;
			path = Sources/Location;
			sourceTree = "<group>";
		};
		51FBDA444B2130ED53F050CB /* Analytics */ = {
			isa = PBXGroup;
			children = (
				0041AFC6938603AA8E408C85 /* AppDelegate.swift */,
				BE9A4EACB9451C069A63F43F /* AuthenticationManager.swift */,
				8A11FA051B21C67BB9D89127 /* CheckoutViewController.swift */,
				C938B015CECD020B6FA2206F /* Readme.swift */,
			);
			name = Analytics;
			path = Sources/Analytics;
			sourceTree = "<group>";
		};
		5F61F41FECA7453CB4C2C3CA = {
			isa = PBXGroup;
			children = (
				EB043806B7BB06DCA25E0177 /* Common */,
				51FBDA444B2130ED53F050CB /* Analytics */,
				6F112DA3865BFE3961698859 /* ContentCards-Custom-UI */,
				F500AE7A04E46943FAA225C4 /* ContentCardUI */,
				CFAE53A0FC9D7251D24F9F70 /* ContentCardUI-Customization */,
				E3BAE1A02E5A97AD717C4DE1 /* InAppMessages-Custom-UI */,
				09094FD860B8CA12810EF498 /* InAppMessageUI */,
				45F192846EACB1A9AA4B13B4 /* InAppMessageUI-Customization */,
				4F38F2ACA591DCA04EF16BB1 /* Location */,
				E956091874C7F622B207B35A /* PushNotifications */,
				79BD163F0CE766FD84A15D5A /* PushNotificationsContentExtension */,
				E239AFF5E3F3085D7A50AFF6 /* PushNotificationsServiceExtension */,
				DDE0D6627F8681F53997C26F /* Frameworks */,
				944D5C0BF6DC0B28ACDA2036 /* Products */,
			);
			sourceTree = "<group>";
		};
		6F112DA3865BFE3961698859 /* ContentCards-Custom-UI */ = {
			isa = PBXGroup;
			children = (
				B7B31A0AD9310E76D8820B67 /* AppDelegate.swift */,
				3CEB9D205C9479024B2674FA /* CardsInfoViewController.swift */,
				6992ACA4C973FAF6333EE4B2 /* Readme.swift */,
			);
			name = "ContentCards-Custom-UI";
			path = "Sources/ContentCards-Custom-UI";
			sourceTree = "<group>";
		};
		73C696BB29CA2BCF1EF3D113 /* Subclasses */ = {
			isa = PBXGroup;
			children = (
				10E9BA8357610D7CCDC06664 /* CustomClassicImageCell.swift */,
			);
			path = Subclasses;
			sourceTree = "<group>";
		};
		79BD163F0CE766FD84A15D5A /* PushNotificationsContentExtension */ = {
			isa = PBXGroup;
			children = (
				61DA261A3969E80D4910B919 /* NotificationViewController.swift */,
			);
			name = PushNotificationsContentExtension;
			path = Sources/PushNotificationsContentExtension;
			sourceTree = "<group>";
		};
		7D73AC8BFC703A7B9ECA6177 /* tvOS */ = {
			isa = PBXGroup;
			children = (
				5A56AB422F8DA782A8D2B6FD /* LaunchScreen.storyboard */,
			);
			path = tvOS;
			sourceTree = "<group>";
		};
		944D5C0BF6DC0B28ACDA2036 /* Products */ = {
			isa = PBXGroup;
			children = (
				9E2B80BBE3951963FBA6BBD3 /* Analytics.app */,
				DE3608B9E460175A349CDB87 /* Analytics.app */,
				8854CADF86F02FA64B2CC3F1 /* ContentCards-Custom-UI.app */,
				C78E0B5A5D52F990511A4091 /* ContentCards-Custom-UI.app */,
				3E8380DBBF4867829281E73C /* ContentCardUI-Customization.app */,
				89A6F6ADFDCAC1464C091E61 /* ContentCardUI.app */,
				05A5CB32692A4493359A70F2 /* InAppMessages-Custom-UI.app */,
				FE50398A21EB6A33EE9874A2 /* InAppMessages-Custom-UI.app */,
				0F4B1C1A4381988C1833854B /* InAppMessageUI-Customization.app */,
				582681504B814C38AB76A767 /* InAppMessageUI.app */,
				6832319B66FB76CAA84519FA /* Location.app */,
				34DB46A770028DFE645A3AE4 /* Location.app */,
				A37E3B0FA418AB843D26F7F9 /* PushNotifications.app */,
				7EFD35FD440D538F5EB8F021 /* PushNotificationsContentExtension.appex */,
				40B660242E5E30D22F3AC51E /* PushNotificationsServiceExtension.appex */,
			);
			name = Products;
			sourceTree = "<group>";
		};
		CFAE53A0FC9D7251D24F9F70 /* ContentCardUI-Customization */ = {
			isa = PBXGroup;
			children = (
				10608DDB131D70F8273A64B7 /* AppDelegate.swift */,
				D6742114C06FC93D4AA30B5B /* Readme.swift */,
				F224F57B3C4BE13C161148B0 /* SDWebImageGIFViewProvider.swift */,
				73C696BB29CA2BCF1EF3D113 /* Subclasses */,
			);
			name = "ContentCardUI-Customization";
			path = "Sources/ContentCardUI-Customization";
			sourceTree = "<group>";
		};
		CFAFCFEE58CC8AA1F0BDA699 /* iOS */ = {
			isa = PBXGroup;
			children = (
				CABCDD10D6E23AB146F9F7BA /* LaunchScreen.storyboard */,
			);
			path = iOS;
			sourceTree = "<group>";
		};
		DDE0D6627F8681F53997C26F /* Frameworks */ = {
			isa = PBXGroup;
			children = (
				6208C00FB5F7F0284A26EF20 /* UserNotifications.framework */,
				1874579DE7E406E73A3CB3A1 /* UserNotificationsUI.framework */,
			);
			name = Frameworks;
			sourceTree = "<group>";
		};
		E239AFF5E3F3085D7A50AFF6 /* PushNotificationsServiceExtension */ = {
			isa = PBXGroup;
			children = (
				BA064323F91A22F4E14CAE9D /* NotificationService.swift */,
			);
			name = PushNotificationsServiceExtension;
			path = Sources/PushNotificationsServiceExtension;
			sourceTree = "<group>";
		};
		E3BAE1A02E5A97AD717C4DE1 /* InAppMessages-Custom-UI */ = {
			isa = PBXGroup;
			children = (
				5BBBD41BB997EBF5820D819F /* AppDelegate.swift */,
				BBFB1DEB4CDC0C09DF4FF9DC /* CustomInAppMessagePresenter.swift */,
				1994AAD3540F9A97336B542D /* Extensions.swift */,
				8D93378C85712C1E5E9146B7 /* InAppMessageInfoViewController.swift */,
				F4946E4B2E8F15E1A3241324 /* Readme.swift */,
			);
			name = "InAppMessages-Custom-UI";
			path = "Sources/InAppMessages-Custom-UI";
			sourceTree = "<group>";
		};
		E956091874C7F622B207B35A /* PushNotifications */ = {
			isa = PBXGroup;
			children = (
				514DAF551BD9AE51D34F1ACB /* AppDelegate.swift */,
				D256C020EC4A6696D3E18665 /* Readme.swift */,
			);
			name = PushNotifications;
			path = Sources/PushNotifications;
			sourceTree = "<group>";
		};
		EB043806B7BB06DCA25E0177 /* Common */ = {
			isa = PBXGroup;
			children = (
				0340E1FFDDBC0C9D72FCD4D4 /* Assets.xcassets */,
				0078638D97BB480D82B18D6C /* Credentials.swift */,
				1099A7C7E5E89E130751B24C /* MockImage.swift */,
				76740E64DEB7874C6DA73841 /* ReadmeViewController.swift */,
				CFAFCFEE58CC8AA1F0BDA699 /* iOS */,
				7D73AC8BFC703A7B9ECA6177 /* tvOS */,
			);
			name = Common;
			path = Sources/Common;
			sourceTree = "<group>";
		};
		F500AE7A04E46943FAA225C4 /* ContentCardUI */ = {
			isa = PBXGroup;
			children = (
				5C30CE34888116E754351344 /* AppDelegate.swift */,
				AFF5B7638E61D0A89CA64347 /* Readme.swift */,
				A451FB52C676012C8625D55C /* SDWebImageGIFViewProvider.swift */,
			);
			name = ContentCardUI;
			path = Sources/ContentCardUI;
			sourceTree = "<group>";
		};
/* End PBXGroup section */

/* Begin PBXNativeTarget section */
		0FD7FC35072A5B75852D15F7 /* InAppMessages-Custom-UI-iOS */ = {
			isa = PBXNativeTarget;
			buildConfigurationList = 72920B71D538BFAF8A028D09 /* Build configuration list for PBXNativeTarget "InAppMessages-Custom-UI-iOS" */;
			buildPhases = (
				1FF8AFF6708BEE3883392041 /* Sources */,
				39044F4BABFFCBF62ACFCECB /* Resources */,
			);
			buildRules = (
			);
			dependencies = (
			);
			name = "InAppMessages-Custom-UI-iOS";
			productName = "InAppMessages-Custom-UI-iOS";
			productReference = 05A5CB32692A4493359A70F2 /* InAppMessages-Custom-UI.app */;
			productType = "com.apple.product-type.application";
		};
		177B908F6B162DDA447880C8 /* ContentCards-Custom-UI-tvOS */ = {
			isa = PBXNativeTarget;
			buildConfigurationList = 38CA0A5742C4A4988D4584C2 /* Build configuration list for PBXNativeTarget "ContentCards-Custom-UI-tvOS" */;
			buildPhases = (
				070EDE6E9735E579169F2D68 /* Sources */,
				52CCB0B63165D1463D683A73 /* Resources */,
			);
			buildRules = (
			);
			dependencies = (
			);
			name = "ContentCards-Custom-UI-tvOS";
			productName = "ContentCards-Custom-UI-tvOS";
			productReference = C78E0B5A5D52F990511A4091 /* ContentCards-Custom-UI.app */;
			productType = "com.apple.product-type.application";
		};
		284840096E199840E3A733BC /* Location-tvOS */ = {
			isa = PBXNativeTarget;
			buildConfigurationList = B76990766EAEC18717669D6F /* Build configuration list for PBXNativeTarget "Location-tvOS" */;
			buildPhases = (
				5FEBF68A041A50636A7C63D7 /* Sources */,
				78CBE3D7946A65CD24DD6D8A /* Resources */,
			);
			buildRules = (
			);
			dependencies = (
			);
			name = "Location-tvOS";
			productName = "Location-tvOS";
			productReference = 34DB46A770028DFE645A3AE4 /* Location.app */;
			productType = "com.apple.product-type.application";
		};
		3F4B82DD321A7AB86C3623BD /* InAppMessageUI */ = {
			isa = PBXNativeTarget;
			buildConfigurationList = EAE52C7CF1CCCF03356FA080 /* Build configuration list for PBXNativeTarget "InAppMessageUI" */;
			buildPhases = (
				9C66F84C288AAB56A9A14D90 /* Sources */,
				D9712F16C62827A6001EA816 /* Resources */,
			);
			buildRules = (
			);
			dependencies = (
			);
			name = InAppMessageUI;
			productName = InAppMessageUI;
			productReference = 582681504B814C38AB76A767 /* InAppMessageUI.app */;
			productType = "com.apple.product-type.application";
		};
		4A34648A0491D5D28D9A7E8A /* InAppMessages-Custom-UI-tvOS */ = {
			isa = PBXNativeTarget;
			buildConfigurationList = E26727234EAA2C9FFB557AF2 /* Build configuration list for PBXNativeTarget "InAppMessages-Custom-UI-tvOS" */;
			buildPhases = (
				923462222067359F78BABE34 /* Sources */,
				3FC37E07E197AB909115976A /* Resources */,
			);
			buildRules = (
			);
			dependencies = (
			);
			name = "InAppMessages-Custom-UI-tvOS";
			productName = "InAppMessages-Custom-UI-tvOS";
			productReference = FE50398A21EB6A33EE9874A2 /* InAppMessages-Custom-UI.app */;
			productType = "com.apple.product-type.application";
		};
		726E40C6A0B9D7595B53FE5E /* PushNotifications */ = {
			isa = PBXNativeTarget;
			buildConfigurationList = 59402C8CB5DE66A776947595 /* Build configuration list for PBXNativeTarget "PushNotifications" */;
			buildPhases = (
				D2ACF4659AEA97A06A724AF3 /* Sources */,
				B62AC56D63A64203ECF45AAE /* Resources */,
				59784E19DCC3D0A5254ECC61 /* Embed App Extensions */,
			);
			buildRules = (
			);
			dependencies = (
				9D311561DBF39BC8DEEAF340 /* PBXTargetDependency */,
				1CEA284D6D77D29EF745D466 /* PBXTargetDependency */,
			);
			name = PushNotifications;
			productName = PushNotifications;
			productReference = A37E3B0FA418AB843D26F7F9 /* PushNotifications.app */;
			productType = "com.apple.product-type.application";
		};
		980998015E29178149D9B86C /* ContentCardUI */ = {
			isa = PBXNativeTarget;
			buildConfigurationList = DB14AAC10B81B8A88D4B480B /* Build configuration list for PBXNativeTarget "ContentCardUI" */;
			buildPhases = (
				97262D5A6FFA7717EBAA9E81 /* Sources */,
				357CC70D993553B658787EA8 /* Resources */,
			);
			buildRules = (
			);
			dependencies = (
			);
			name = ContentCardUI;
			productName = ContentCardUI;
			productReference = 89A6F6ADFDCAC1464C091E61 /* ContentCardUI.app */;
			productType = "com.apple.product-type.application";
		};
		A0EF8DC5C1ED6288C32D3D23 /* Analytics-iOS */ = {
			isa = PBXNativeTarget;
			buildConfigurationList = 43414268546ED18E21E7E892 /* Build configuration list for PBXNativeTarget "Analytics-iOS" */;
			buildPhases = (
				F57A2A4DF2E99DAA2F0E38B4 /* Sources */,
				38AC76FC42776531F9D2414E /* Resources */,
			);
			buildRules = (
			);
			dependencies = (
			);
			name = "Analytics-iOS";
			productName = "Analytics-iOS";
			productReference = 9E2B80BBE3951963FBA6BBD3 /* Analytics.app */;
			productType = "com.apple.product-type.application";
		};
		BAF47191A63D1D4B728E9469 /* InAppMessageUI-Customization */ = {
			isa = PBXNativeTarget;
			buildConfigurationList = DDE628DA72FB7DB13146D374 /* Build configuration list for PBXNativeTarget "InAppMessageUI-Customization" */;
			buildPhases = (
				6F1D675B3BAAEA103951B956 /* Sources */,
				9A1D41EDC9F035503FB548B3 /* Resources */,
			);
			buildRules = (
			);
			dependencies = (
			);
			name = "InAppMessageUI-Customization";
			productName = "InAppMessageUI-Customization";
			productReference = 0F4B1C1A4381988C1833854B /* InAppMessageUI-Customization.app */;
			productType = "com.apple.product-type.application";
		};
		BC720D0A2A3B555DF4D1268A /* Location-iOS */ = {
			isa = PBXNativeTarget;
			buildConfigurationList = 4CBDCD32BF67ACE4E2977EFA /* Build configuration list for PBXNativeTarget "Location-iOS" */;
			buildPhases = (
				DBA50E39A4B67698A1CA8F34 /* Sources */,
				7299DD69BA7DDA59FA7F954F /* Resources */,
			);
			buildRules = (
			);
			dependencies = (
			);
			name = "Location-iOS";
			productName = "Location-iOS";
			productReference = 6832319B66FB76CAA84519FA /* Location.app */;
			productType = "com.apple.product-type.application";
		};
		C7435EF6816986F173CAB4E9 /* PushNotificationsContentExtension */ = {
			isa = PBXNativeTarget;
			buildConfigurationList = 03D1E503F9863A03CB17E53A /* Build configuration list for PBXNativeTarget "PushNotificationsContentExtension" */;
			buildPhases = (
				C7487814AD5323F755B1E524 /* Sources */,
				E5DFE50012E3C956DEE08F20 /* Frameworks */,
			);
			buildRules = (
			);
			dependencies = (
			);
			name = PushNotificationsContentExtension;
			productName = PushNotificationsContentExtension;
			productReference = 7EFD35FD440D538F5EB8F021 /* PushNotificationsContentExtension.appex */;
			productType = "com.apple.product-type.app-extension";
		};
		CCD5FB3CEF0797FD385EA7F3 /* PushNotificationsServiceExtension */ = {
			isa = PBXNativeTarget;
			buildConfigurationList = D767F3158D7C98C16E53CE31 /* Build configuration list for PBXNativeTarget "PushNotificationsServiceExtension" */;
			buildPhases = (
				9AD321D868E1638BA51BFDA7 /* Sources */,
				9C12D40A1EC1FBCBD6CA4D4C /* Frameworks */,
			);
			buildRules = (
			);
			dependencies = (
			);
			name = PushNotificationsServiceExtension;
			productName = PushNotificationsServiceExtension;
			productReference = 40B660242E5E30D22F3AC51E /* PushNotificationsServiceExtension.appex */;
			productType = "com.apple.product-type.app-extension";
		};
		E4E9F3507C9F70F681E5417F /* ContentCards-Custom-UI-iOS */ = {
			isa = PBXNativeTarget;
			buildConfigurationList = 33777E174E4CC017CCCB31A8 /* Build configuration list for PBXNativeTarget "ContentCards-Custom-UI-iOS" */;
			buildPhases = (
				38F46412EEF2D23C9901E6A3 /* Sources */,
				CD72E9C8C68A5D330D1ED959 /* Resources */,
			);
			buildRules = (
			);
			dependencies = (
			);
			name = "ContentCards-Custom-UI-iOS";
			productName = "ContentCards-Custom-UI-iOS";
			productReference = 8854CADF86F02FA64B2CC3F1 /* ContentCards-Custom-UI.app */;
			productType = "com.apple.product-type.application";
		};
		F7DC3F66C732C81F13AFDB8C /* ContentCardUI-Customization */ = {
			isa = PBXNativeTarget;
			buildConfigurationList = C0DB4C99D5F365A19C5D1EA5 /* Build configuration list for PBXNativeTarget "ContentCardUI-Customization" */;
			buildPhases = (
				01B3855D3F0A3B7F49EA5CB0 /* Sources */,
				FF28CBD31AFA5366C7CB701F /* Resources */,
			);
			buildRules = (
			);
			dependencies = (
			);
			name = "ContentCardUI-Customization";
			productName = "ContentCardUI-Customization";
			productReference = 3E8380DBBF4867829281E73C /* ContentCardUI-Customization.app */;
			productType = "com.apple.product-type.application";
		};
		FDA0A7B4C40914EAF405D9FC /* Analytics-tvOS */ = {
			isa = PBXNativeTarget;
			buildConfigurationList = 33A0A8897465C6BD7C17C2E6 /* Build configuration list for PBXNativeTarget "Analytics-tvOS" */;
			buildPhases = (
				51C89F4377C3E0870055A1CA /* Sources */,
				24EBDE35CCCBEFEFF53E707D /* Resources */,
			);
			buildRules = (
			);
			dependencies = (
			);
			name = "Analytics-tvOS";
			productName = "Analytics-tvOS";
			productReference = DE3608B9E460175A349CDB87 /* Analytics.app */;
			productType = "com.apple.product-type.application";
		};
/* End PBXNativeTarget section */

/* Begin PBXProject section */
		C9F9231105531CE428ADD921 /* Project object */ = {
			isa = PBXProject;
			attributes = {
				LastUpgradeCheck = 1200;
				TargetAttributes = {
				};
			};
			buildConfigurationList = 1D61EB4EA4EACDE551DB7D19 /* Build configuration list for PBXProject "Examples-CocoaPods" */;
			compatibilityVersion = "Xcode 11.0";
			developmentRegion = en;
			hasScannedForEncodings = 0;
			knownRegions = (
				Base,
				en,
			);
			mainGroup = 5F61F41FECA7453CB4C2C3CA;
			projectDirPath = "";
			projectRoot = "";
			targets = (
				A0EF8DC5C1ED6288C32D3D23 /* Analytics-iOS */,
				FDA0A7B4C40914EAF405D9FC /* Analytics-tvOS */,
				980998015E29178149D9B86C /* ContentCardUI */,
				F7DC3F66C732C81F13AFDB8C /* ContentCardUI-Customization */,
				E4E9F3507C9F70F681E5417F /* ContentCards-Custom-UI-iOS */,
				177B908F6B162DDA447880C8 /* ContentCards-Custom-UI-tvOS */,
				3F4B82DD321A7AB86C3623BD /* InAppMessageUI */,
				BAF47191A63D1D4B728E9469 /* InAppMessageUI-Customization */,
				0FD7FC35072A5B75852D15F7 /* InAppMessages-Custom-UI-iOS */,
				4A34648A0491D5D28D9A7E8A /* InAppMessages-Custom-UI-tvOS */,
				BC720D0A2A3B555DF4D1268A /* Location-iOS */,
				284840096E199840E3A733BC /* Location-tvOS */,
				726E40C6A0B9D7595B53FE5E /* PushNotifications */,
				C7435EF6816986F173CAB4E9 /* PushNotificationsContentExtension */,
				CCD5FB3CEF0797FD385EA7F3 /* PushNotificationsServiceExtension */,
			);
		};
/* End PBXProject section */

/* Begin PBXResourcesBuildPhase section */
		24EBDE35CCCBEFEFF53E707D /* Resources */ = {
			isa = PBXResourcesBuildPhase;
			buildActionMask = 2147483647;
			files = (
				1EB7F46010C2EE195B7F82DA /* Assets.xcassets in Resources */,
				D1B4FEFA476833265065E137 /* LaunchScreen.storyboard in Resources */,
			);
			runOnlyForDeploymentPostprocessing = 0;
		};
		357CC70D993553B658787EA8 /* Resources */ = {
			isa = PBXResourcesBuildPhase;
			buildActionMask = 2147483647;
			files = (
				ADC57BB91E99F03639362DBE /* Assets.xcassets in Resources */,
				D11E987E346B85F0966242D5 /* LaunchScreen.storyboard in Resources */,
			);
			runOnlyForDeploymentPostprocessing = 0;
		};
		38AC76FC42776531F9D2414E /* Resources */ = {
			isa = PBXResourcesBuildPhase;
			buildActionMask = 2147483647;
			files = (
				AB2FE63CFBECFD1045D16ED7 /* Assets.xcassets in Resources */,
				C650783920A53EDD98DD19E5 /* LaunchScreen.storyboard in Resources */,
			);
			runOnlyForDeploymentPostprocessing = 0;
		};
		39044F4BABFFCBF62ACFCECB /* Resources */ = {
			isa = PBXResourcesBuildPhase;
			buildActionMask = 2147483647;
			files = (
				CF19792AFCEF53A28612612B /* Assets.xcassets in Resources */,
				EE1A489AA9350D6C14CBBBCE /* LaunchScreen.storyboard in Resources */,
			);
			runOnlyForDeploymentPostprocessing = 0;
		};
		3FC37E07E197AB909115976A /* Resources */ = {
			isa = PBXResourcesBuildPhase;
			buildActionMask = 2147483647;
			files = (
				EB71881CFACEA23DC2CF8112 /* Assets.xcassets in Resources */,
				2198B5052B89F561E1408347 /* LaunchScreen.storyboard in Resources */,
			);
			runOnlyForDeploymentPostprocessing = 0;
		};
		52CCB0B63165D1463D683A73 /* Resources */ = {
			isa = PBXResourcesBuildPhase;
			buildActionMask = 2147483647;
			files = (
				639A93232862A95314463DE5 /* Assets.xcassets in Resources */,
				34C9C566ACB7B6220C782866 /* LaunchScreen.storyboard in Resources */,
			);
			runOnlyForDeploymentPostprocessing = 0;
		};
		7299DD69BA7DDA59FA7F954F /* Resources */ = {
			isa = PBXResourcesBuildPhase;
			buildActionMask = 2147483647;
			files = (
				E9E8435129B8C5C86F579395 /* Assets.xcassets in Resources */,
				2004486C1F497F0D78D3C3C7 /* LaunchScreen.storyboard in Resources */,
			);
			runOnlyForDeploymentPostprocessing = 0;
		};
		78CBE3D7946A65CD24DD6D8A /* Resources */ = {
			isa = PBXResourcesBuildPhase;
			buildActionMask = 2147483647;
			files = (
				8AA046F58DFE835A8DBDC2FB /* Assets.xcassets in Resources */,
				C0D38B13A94DADB550966E38 /* LaunchScreen.storyboard in Resources */,
			);
			runOnlyForDeploymentPostprocessing = 0;
		};
		9A1D41EDC9F035503FB548B3 /* Resources */ = {
			isa = PBXResourcesBuildPhase;
			buildActionMask = 2147483647;
			files = (
				65D110C8D2CCFE582C33FEFE /* Assets.xcassets in Resources */,
				CB5A598CA883F225164544FB /* LaunchScreen.storyboard in Resources */,
			);
			runOnlyForDeploymentPostprocessing = 0;
		};
		B62AC56D63A64203ECF45AAE /* Resources */ = {
			isa = PBXResourcesBuildPhase;
			buildActionMask = 2147483647;
			files = (
				7FC56E25CCA1B6080699728A /* Assets.xcassets in Resources */,
				DAA18481E36225A541BF8091 /* LaunchScreen.storyboard in Resources */,
			);
			runOnlyForDeploymentPostprocessing = 0;
		};
		CD72E9C8C68A5D330D1ED959 /* Resources */ = {
			isa = PBXResourcesBuildPhase;
			buildActionMask = 2147483647;
			files = (
				40BBC96C23C0D03C1876EFB3 /* Assets.xcassets in Resources */,
				ECF4B3DD82D61470A3EFC3E6 /* LaunchScreen.storyboard in Resources */,
			);
			runOnlyForDeploymentPostprocessing = 0;
		};
		D9712F16C62827A6001EA816 /* Resources */ = {
			isa = PBXResourcesBuildPhase;
			buildActionMask = 2147483647;
			files = (
				E2874959B3B047F5B4DF82B6 /* Assets.xcassets in Resources */,
				9C4BA0B17CDD5749B1E02314 /* LaunchScreen.storyboard in Resources */,
			);
			runOnlyForDeploymentPostprocessing = 0;
		};
		FF28CBD31AFA5366C7CB701F /* Resources */ = {
			isa = PBXResourcesBuildPhase;
			buildActionMask = 2147483647;
			files = (
				C0ABFE39A262A4EFAA274C5A /* Assets.xcassets in Resources */,
				614AF2E22ADA853DF9227F6F /* LaunchScreen.storyboard in Resources */,
			);
			runOnlyForDeploymentPostprocessing = 0;
		};
/* End PBXResourcesBuildPhase section */

/* Begin PBXSourcesBuildPhase section */
		01B3855D3F0A3B7F49EA5CB0 /* Sources */ = {
			isa = PBXSourcesBuildPhase;
			buildActionMask = 2147483647;
			files = (
				EA836E31376F97EB1EA08854 /* AppDelegate.swift in Sources */,
				135B5B670D81F169A12722DF /* Credentials.swift in Sources */,
				AE9F2211F733CD0E2D2AFC0B /* CustomClassicImageCell.swift in Sources */,
				93B2F772CCA4F0E1E96CC750 /* MockImage.swift in Sources */,
				82635DB213CF8249B31A612D /* Readme.swift in Sources */,
				23026AD66FF84F25CDE81819 /* ReadmeViewController.swift in Sources */,
				3E794CA31FE8246A6EE566B4 /* SDWebImageGIFViewProvider.swift in Sources */,
			);
			runOnlyForDeploymentPostprocessing = 0;
		};
		070EDE6E9735E579169F2D68 /* Sources */ = {
			isa = PBXSourcesBuildPhase;
			buildActionMask = 2147483647;
			files = (
				EEC8E34CA6F186D5CCE5D080 /* AppDelegate.swift in Sources */,
				DBB5253667D14BAA31F4CC93 /* CardsInfoViewController.swift in Sources */,
				432D837B85AECB56882916FE /* Credentials.swift in Sources */,
				069F4D1FC2D1AAE0CF69F4C8 /* MockImage.swift in Sources */,
				DAB2F6E16C0005941B5CC8EA /* Readme.swift in Sources */,
				292FEAABE62351F10BD7242B /* ReadmeViewController.swift in Sources */,
			);
			runOnlyForDeploymentPostprocessing = 0;
		};
		1FF8AFF6708BEE3883392041 /* Sources */ = {
			isa = PBXSourcesBuildPhase;
			buildActionMask = 2147483647;
			files = (
				B9407B30787F88FAEDF42BC5 /* AppDelegate.swift in Sources */,
				3C7196FB42C17C44254D7055 /* Credentials.swift in Sources */,
				1F73E5982977DF8B1CBDEAA6 /* CustomInAppMessagePresenter.swift in Sources */,
				496F65492019BD1A4FE5F6A4 /* Extensions.swift in Sources */,
				DE53BE67D8DAD53909211056 /* InAppMessageInfoViewController.swift in Sources */,
				FB4712FECE056DF38CF53AC7 /* MockImage.swift in Sources */,
				06C97BF64E9A3B3D120DC5DA /* Readme.swift in Sources */,
				272A23EAF6BAD8414B08EBBC /* ReadmeViewController.swift in Sources */,
			);
			runOnlyForDeploymentPostprocessing = 0;
		};
		38F46412EEF2D23C9901E6A3 /* Sources */ = {
			isa = PBXSourcesBuildPhase;
			buildActionMask = 2147483647;
			files = (
				6E186056B0E0BED56C16A3B1 /* AppDelegate.swift in Sources */,
				1102DA6C1D1C3B9F9D571A6F /* CardsInfoViewController.swift in Sources */,
				4B5DE5B818AF38D3D32DE44D /* Credentials.swift in Sources */,
				8B1BBB06A40509279B6EBF54 /* MockImage.swift in Sources */,
				345CA2282BFEFED98328C0C2 /* Readme.swift in Sources */,
				B33A20E1225D89AC30CEC430 /* ReadmeViewController.swift in Sources */,
			);
			runOnlyForDeploymentPostprocessing = 0;
		};
		51C89F4377C3E0870055A1CA /* Sources */ = {
			isa = PBXSourcesBuildPhase;
			buildActionMask = 2147483647;
			files = (
				5895FE9958ED00F6EB101FE3 /* AppDelegate.swift in Sources */,
				FD1986DD237FE5FF21F3B718 /* AuthenticationManager.swift in Sources */,
				88844A9880FFD74A9B042863 /* CheckoutViewController.swift in Sources */,
				0D6BFB49878D5CC48424A07E /* Credentials.swift in Sources */,
				44DADB7B7CFA12B9AB9CA455 /* MockImage.swift in Sources */,
				7246237C3E3EFEE060D4520F /* Readme.swift in Sources */,
				2CF3E11C7FFCA09427FEABCC /* ReadmeViewController.swift in Sources */,
			);
			runOnlyForDeploymentPostprocessing = 0;
		};
		5FEBF68A041A50636A7C63D7 /* Sources */ = {
			isa = PBXSourcesBuildPhase;
			buildActionMask = 2147483647;
			files = (
				E83FD3473FD4FF5F37C5003B /* AppDelegate.swift in Sources */,
				9AA553CA710417B6B9261B6C /* Credentials.swift in Sources */,
				6F2E37C2C6236133A73B2DA7 /* MockImage.swift in Sources */,
				5FC97622559904A83BEB7082 /* Readme.swift in Sources */,
				B9FD7A99B38E4F820A640660 /* ReadmeViewController.swift in Sources */,
			);
			runOnlyForDeploymentPostprocessing = 0;
		};
		6F1D675B3BAAEA103951B956 /* Sources */ = {
			isa = PBXSourcesBuildPhase;
			buildActionMask = 2147483647;
			files = (
				43E8FC4FE0FCC54974CED64F /* AppDelegate.swift in Sources */,
				D4858A10B4156FAB0AD564A8 /* ConfirmButtonSlideupView.swift in Sources */,
				667F36DD2198D4DA01794DEE /* Credentials.swift in Sources */,
				247143FD4540ED81C56940F1 /* FullWidthSlideupView.swift in Sources */,
				9ADF0CB1A3ED2E0940A3D1D6 /* MockImage.swift in Sources */,
				08123F8EDCFA937A58EDAB30 /* Readme.swift in Sources */,
				11DD43D9D45939B67DC741A1 /* ReadmeViewController.swift in Sources */,
				55BE220F9A64058BE8CE2A00 /* SDWebImageGIFViewProvider.swift in Sources */,
			);
			runOnlyForDeploymentPostprocessing = 0;
		};
		923462222067359F78BABE34 /* Sources */ = {
			isa = PBXSourcesBuildPhase;
			buildActionMask = 2147483647;
			files = (
				9EDF374BDDDC2F7BDE7DC3B7 /* AppDelegate.swift in Sources */,
				F3414EC79F076EE60810E147 /* Credentials.swift in Sources */,
				9840806A060D7FA1A1C04DDB /* CustomInAppMessagePresenter.swift in Sources */,
				7FA271D4094CC903F4D8CA14 /* Extensions.swift in Sources */,
				356FD93DCAEAD68D24E91795 /* InAppMessageInfoViewController.swift in Sources */,
				72BE89025E94DA8F7F7970AB /* MockImage.swift in Sources */,
				4C540B906F61167621B755FA /* Readme.swift in Sources */,
				849BF8AD70E050B555CD942C /* ReadmeViewController.swift in Sources */,
			);
			runOnlyForDeploymentPostprocessing = 0;
		};
		97262D5A6FFA7717EBAA9E81 /* Sources */ = {
			isa = PBXSourcesBuildPhase;
			buildActionMask = 2147483647;
			files = (
				8EA064B314AC1FFF778E11BC /* AppDelegate.swift in Sources */,
				86BCC651E1B01D82F6DDA664 /* Credentials.swift in Sources */,
				E01F64D0A2B2BF0A7FC8E292 /* MockImage.swift in Sources */,
				AAE8B9B2CD0EFD8BC1386C00 /* Readme.swift in Sources */,
				F57B565FDC038BD0215DD232 /* ReadmeViewController.swift in Sources */,
				B3002DB2A8D026865BE7251B /* SDWebImageGIFViewProvider.swift in Sources */,
			);
			runOnlyForDeploymentPostprocessing = 0;
		};
		9AD321D868E1638BA51BFDA7 /* Sources */ = {
			isa = PBXSourcesBuildPhase;
			buildActionMask = 2147483647;
			files = (
				161DC1259C44AD89479BA698 /* NotificationService.swift in Sources */,
			);
			runOnlyForDeploymentPostprocessing = 0;
		};
		9C66F84C288AAB56A9A14D90 /* Sources */ = {
			isa = PBXSourcesBuildPhase;
			buildActionMask = 2147483647;
			files = (
				7B812A1EEE21F16A51F14991 /* AppDelegate.swift in Sources */,
				E497B8E5C5510F2B03179702 /* Credentials.swift in Sources */,
				523A5EF3FC7E75837C56E9F1 /* MockImage.swift in Sources */,
				E55B655798FDC3A053213A55 /* Readme.swift in Sources */,
				478599D4418CF81DD5D95C47 /* ReadmeViewController.swift in Sources */,
				AB3F67EEE9255DAA9A2BB799 /* SDWebImageGIFViewProvider.swift in Sources */,
			);
			runOnlyForDeploymentPostprocessing = 0;
		};
		C7487814AD5323F755B1E524 /* Sources */ = {
			isa = PBXSourcesBuildPhase;
			buildActionMask = 2147483647;
			files = (
				0DE3276319B3F7EDE9E5761D /* NotificationViewController.swift in Sources */,
			);
			runOnlyForDeploymentPostprocessing = 0;
		};
		D2ACF4659AEA97A06A724AF3 /* Sources */ = {
			isa = PBXSourcesBuildPhase;
			buildActionMask = 2147483647;
			files = (
				F42CC1B49E69F3E73EFAAA3C /* AppDelegate.swift in Sources */,
				40FB9F2DCF0F367CEA6D8E12 /* Credentials.swift in Sources */,
				D23B5BC12CBA1752292BADB0 /* MockImage.swift in Sources */,
				F8A17ADE416B1BDA0913DFC8 /* Readme.swift in Sources */,
				A8360DD54C28212707944F4A /* ReadmeViewController.swift in Sources */,
			);
			runOnlyForDeploymentPostprocessing = 0;
		};
		DBA50E39A4B67698A1CA8F34 /* Sources */ = {
			isa = PBXSourcesBuildPhase;
			buildActionMask = 2147483647;
			files = (
				79F0CFE1D23AB1C09F5BA9A0 /* AppDelegate.swift in Sources */,
				801A7B564FDBB3FA929BA3E0 /* Credentials.swift in Sources */,
				EDD685719D7C6421E3333BA4 /* MockImage.swift in Sources */,
				D85EB7E1A82E081898089884 /* Readme.swift in Sources */,
				205B074E35873EF92413D18D /* ReadmeViewController.swift in Sources */,
			);
			runOnlyForDeploymentPostprocessing = 0;
		};
		F57A2A4DF2E99DAA2F0E38B4 /* Sources */ = {
			isa = PBXSourcesBuildPhase;
			buildActionMask = 2147483647;
			files = (
				AB90E69DF960F3664C2FA3D7 /* AppDelegate.swift in Sources */,
				9BE24EB7834014A841226C6F /* AuthenticationManager.swift in Sources */,
				7BD7D03FB0E6E381E2CB291A /* CheckoutViewController.swift in Sources */,
				D9302D865FB50ABD4486BC20 /* Credentials.swift in Sources */,
				878B628352CB4EAC06C1BE1D /* MockImage.swift in Sources */,
				0684053D51385645627A6EC2 /* Readme.swift in Sources */,
				BF4E8A203E306C324C3D7EEA /* ReadmeViewController.swift in Sources */,
			);
			runOnlyForDeploymentPostprocessing = 0;
		};
/* End PBXSourcesBuildPhase section */

/* Begin PBXTargetDependency section */
		1CEA284D6D77D29EF745D466 /* PBXTargetDependency */ = {
			isa = PBXTargetDependency;
			target = C7435EF6816986F173CAB4E9 /* PushNotificationsContentExtension */;
			targetProxy = 2E6E453ED2C838C4006D08F8 /* PBXContainerItemProxy */;
		};
		9D311561DBF39BC8DEEAF340 /* PBXTargetDependency */ = {
			isa = PBXTargetDependency;
			target = CCD5FB3CEF0797FD385EA7F3 /* PushNotificationsServiceExtension */;
			targetProxy = 33F46D6820611AA9F861E4F9 /* PBXContainerItemProxy */;
		};
/* End PBXTargetDependency section */

/* Begin PBXVariantGroup section */
		5A56AB422F8DA782A8D2B6FD /* LaunchScreen.storyboard */ = {
			isa = PBXVariantGroup;
			children = (
				42BA0F61D883E0421B3FA7CA /* Base */,
			);
			name = LaunchScreen.storyboard;
			sourceTree = "<group>";
		};
		CABCDD10D6E23AB146F9F7BA /* LaunchScreen.storyboard */ = {
			isa = PBXVariantGroup;
			children = (
				A77BCD95413ADCF8578235CE /* Base */,
			);
			name = LaunchScreen.storyboard;
			sourceTree = "<group>";
		};
/* End PBXVariantGroup section */

/* Begin XCBuildConfiguration section */
		0B6E144276BF004EFE80A784 /* Debug */ = {
			isa = XCBuildConfiguration;
			buildSettings = {
				ASSETCATALOG_COMPILER_APPICON_NAME = AppIcon;
				CODE_SIGN_IDENTITY = "iPhone Developer";
				INFOPLIST_FILE = "Sources/ContentCards-Custom-UI/Info.plist";
				"IPHONEOS_DEPLOYMENT_TARGET[sdk=macosx*]" = 14.0;
				LD_RUNPATH_SEARCH_PATHS = (
					"$(inherited)",
					"@executable_path/Frameworks",
				);
				PRODUCT_BUNDLE_IDENTIFIER = "com.braze.ContentCards-Custom-UI-iOS";
				PRODUCT_NAME = "ContentCards-Custom-UI";
				SDKROOT = iphoneos;
				SUPPORTS_MACCATALYST = YES;
				"SUPPORTS_MACCATALYST[sdk=appletvos*]" = NO;
				TARGETED_DEVICE_FAMILY = "1,2";
			};
			name = Debug;
		};
		0B782479BDDFAA91B90B6411 /* Release */ = {
			isa = XCBuildConfiguration;
			buildSettings = {
				ASSETCATALOG_COMPILER_APPICON_NAME = AppIcon;
				CODE_SIGN_IDENTITY = "iPhone Developer";
				INFOPLIST_FILE = "Sources/InAppMessages-Custom-UI/Info.plist";
				"IPHONEOS_DEPLOYMENT_TARGET[sdk=macosx*]" = 14.0;
				LD_RUNPATH_SEARCH_PATHS = (
					"$(inherited)",
					"@executable_path/Frameworks",
				);
				PRODUCT_BUNDLE_IDENTIFIER = "com.braze.InAppMessages-Custom-UI-iOS";
				PRODUCT_NAME = "InAppMessages-Custom-UI";
				SDKROOT = iphoneos;
				SUPPORTS_MACCATALYST = YES;
				"SUPPORTS_MACCATALYST[sdk=appletvos*]" = NO;
				TARGETED_DEVICE_FAMILY = "1,2";
			};
			name = Release;
		};
		0DB286FC893227921592442C /* Release */ = {
			isa = XCBuildConfiguration;
			buildSettings = {
				INFOPLIST_FILE = Sources/PushNotificationsServiceExtension/Info.plist;
				"IPHONEOS_DEPLOYMENT_TARGET[sdk=macosx*]" = 14.0;
				LD_RUNPATH_SEARCH_PATHS = (
					"$(inherited)",
					"@executable_path/Frameworks",
					"@executable_path/../../Frameworks",
				);
				PRODUCT_BUNDLE_IDENTIFIER = com.braze.PushNotifications.PushNotificationsServiceExtension;
				SDKROOT = iphoneos;
				SUPPORTS_MACCATALYST = YES;
				"SUPPORTS_MACCATALYST[sdk=appletvos*]" = NO;
				TARGETED_DEVICE_FAMILY = "1,2";
			};
			name = Release;
		};
		1CE2539A10E8624E8EDD3601 /* Release */ = {
			isa = XCBuildConfiguration;
			buildSettings = {
				ASSETCATALOG_COMPILER_APPICON_NAME = "App Icon & Top Shelf Image";
				ASSETCATALOG_COMPILER_LAUNCHIMAGE_NAME = LaunchImage;
				INFOPLIST_FILE = "Sources/InAppMessages-Custom-UI/Info.plist";
				"IPHONEOS_DEPLOYMENT_TARGET[sdk=macosx*]" = 14.0;
				LD_RUNPATH_SEARCH_PATHS = (
					"$(inherited)",
					"@executable_path/Frameworks",
				);
				PRODUCT_BUNDLE_IDENTIFIER = "com.braze.InAppMessages-Custom-UI-tvOS";
				PRODUCT_NAME = "InAppMessages-Custom-UI";
				SDKROOT = appletvos;
				SUPPORTS_MACCATALYST = YES;
				"SUPPORTS_MACCATALYST[sdk=appletvos*]" = NO;
				TARGETED_DEVICE_FAMILY = 3;
			};
			name = Release;
		};
		2178EDBFBF71828E507601C1 /* Debug */ = {
			isa = XCBuildConfiguration;
			buildSettings = {
				ASSETCATALOG_COMPILER_APPICON_NAME = "App Icon & Top Shelf Image";
				ASSETCATALOG_COMPILER_LAUNCHIMAGE_NAME = LaunchImage;
				INFOPLIST_FILE = "Sources/InAppMessages-Custom-UI/Info.plist";
				"IPHONEOS_DEPLOYMENT_TARGET[sdk=macosx*]" = 14.0;
				LD_RUNPATH_SEARCH_PATHS = (
					"$(inherited)",
					"@executable_path/Frameworks",
				);
				PRODUCT_BUNDLE_IDENTIFIER = "com.braze.InAppMessages-Custom-UI-tvOS";
				PRODUCT_NAME = "InAppMessages-Custom-UI";
				SDKROOT = appletvos;
				SUPPORTS_MACCATALYST = YES;
				"SUPPORTS_MACCATALYST[sdk=appletvos*]" = NO;
				TARGETED_DEVICE_FAMILY = 3;
			};
			name = Debug;
		};
		277ABE8F9A11018387A77412 /* Debug */ = {
			isa = XCBuildConfiguration;
			buildSettings = {
				ASSETCATALOG_COMPILER_APPICON_NAME = "App Icon & Top Shelf Image";
				ASSETCATALOG_COMPILER_LAUNCHIMAGE_NAME = LaunchImage;
				CODE_SIGN_ENTITLEMENTS = Sources/Location/Location.entitlements;
				INFOPLIST_FILE = Sources/Location/Info.plist;
				"IPHONEOS_DEPLOYMENT_TARGET[sdk=macosx*]" = 14.0;
				LD_RUNPATH_SEARCH_PATHS = (
					"$(inherited)",
					"@executable_path/Frameworks",
				);
				PRODUCT_BUNDLE_IDENTIFIER = "com.braze.Location-tvOS";
				PRODUCT_NAME = Location;
				SDKROOT = appletvos;
				SUPPORTS_MACCATALYST = YES;
				"SUPPORTS_MACCATALYST[sdk=appletvos*]" = NO;
				TARGETED_DEVICE_FAMILY = 3;
			};
			name = Debug;
		};
		4EBD32EE3B16C9EBF7493F73 /* Debug */ = {
			isa = XCBuildConfiguration;
			buildSettings = {
				ASSETCATALOG_COMPILER_APPICON_NAME = AppIcon;
				CODE_SIGN_IDENTITY = "iPhone Developer";
				INFOPLIST_FILE = Sources/Analytics/Info.plist;
				"IPHONEOS_DEPLOYMENT_TARGET[sdk=macosx*]" = 14.0;
				LD_RUNPATH_SEARCH_PATHS = (
					"$(inherited)",
					"@executable_path/Frameworks",
				);
				PRODUCT_BUNDLE_IDENTIFIER = "com.braze.Analytics-iOS";
				PRODUCT_NAME = Analytics;
				SDKROOT = iphoneos;
				SUPPORTS_MACCATALYST = YES;
				"SUPPORTS_MACCATALYST[sdk=appletvos*]" = NO;
				TARGETED_DEVICE_FAMILY = "1,2";
			};
			name = Debug;
		};
		61077A56E64ADBA96CA8CE0C /* Release */ = {
			isa = XCBuildConfiguration;
			buildSettings = {
				ASSETCATALOG_COMPILER_APPICON_NAME = "App Icon & Top Shelf Image";
				ASSETCATALOG_COMPILER_LAUNCHIMAGE_NAME = LaunchImage;
				CODE_SIGN_ENTITLEMENTS = Sources/Location/Location.entitlements;
				INFOPLIST_FILE = Sources/Location/Info.plist;
				"IPHONEOS_DEPLOYMENT_TARGET[sdk=macosx*]" = 14.0;
				LD_RUNPATH_SEARCH_PATHS = (
					"$(inherited)",
					"@executable_path/Frameworks",
				);
				PRODUCT_BUNDLE_IDENTIFIER = "com.braze.Location-tvOS";
				PRODUCT_NAME = Location;
				SDKROOT = appletvos;
				SUPPORTS_MACCATALYST = YES;
				"SUPPORTS_MACCATALYST[sdk=appletvos*]" = NO;
				TARGETED_DEVICE_FAMILY = 3;
			};
			name = Release;
		};
		67E21615E4F6D7BFAA160A31 /* Release */ = {
			isa = XCBuildConfiguration;
			buildSettings = {
				ASSETCATALOG_COMPILER_APPICON_NAME = "App Icon & Top Shelf Image";
				ASSETCATALOG_COMPILER_LAUNCHIMAGE_NAME = LaunchImage;
				INFOPLIST_FILE = "Sources/ContentCards-Custom-UI/Info.plist";
				"IPHONEOS_DEPLOYMENT_TARGET[sdk=macosx*]" = 14.0;
				LD_RUNPATH_SEARCH_PATHS = (
					"$(inherited)",
					"@executable_path/Frameworks",
				);
				PRODUCT_BUNDLE_IDENTIFIER = "com.braze.ContentCards-Custom-UI-tvOS";
				PRODUCT_NAME = "ContentCards-Custom-UI";
				SDKROOT = appletvos;
				SUPPORTS_MACCATALYST = YES;
				"SUPPORTS_MACCATALYST[sdk=appletvos*]" = NO;
				TARGETED_DEVICE_FAMILY = 3;
			};
			name = Release;
		};
		74B3175DE3731381F52D100D /* Debug */ = {
			isa = XCBuildConfiguration;
			buildSettings = {
				ASSETCATALOG_COMPILER_APPICON_NAME = AppIcon;
				CODE_SIGN_ENTITLEMENTS = Sources/Location/Location.entitlements;
				CODE_SIGN_IDENTITY = "iPhone Developer";
				INFOPLIST_FILE = Sources/Location/Info.plist;
				"IPHONEOS_DEPLOYMENT_TARGET[sdk=macosx*]" = 14.0;
				LD_RUNPATH_SEARCH_PATHS = (
					"$(inherited)",
					"@executable_path/Frameworks",
				);
				PRODUCT_BUNDLE_IDENTIFIER = "com.braze.Location-iOS";
				PRODUCT_NAME = Location;
				SDKROOT = iphoneos;
				SUPPORTS_MACCATALYST = YES;
				"SUPPORTS_MACCATALYST[sdk=appletvos*]" = NO;
				TARGETED_DEVICE_FAMILY = "1,2";
			};
			name = Debug;
		};
		77420AEFB5CE84A97B402C8C /* Debug */ = {
			isa = XCBuildConfiguration;
			buildSettings = {
				ASSETCATALOG_COMPILER_APPICON_NAME = AppIcon;
				CODE_SIGN_IDENTITY = "iPhone Developer";
				INFOPLIST_FILE = "Sources/InAppMessages-Custom-UI/Info.plist";
				"IPHONEOS_DEPLOYMENT_TARGET[sdk=macosx*]" = 14.0;
				LD_RUNPATH_SEARCH_PATHS = (
					"$(inherited)",
					"@executable_path/Frameworks",
				);
				PRODUCT_BUNDLE_IDENTIFIER = "com.braze.InAppMessages-Custom-UI-iOS";
				PRODUCT_NAME = "InAppMessages-Custom-UI";
				SDKROOT = iphoneos;
				SUPPORTS_MACCATALYST = YES;
				"SUPPORTS_MACCATALYST[sdk=appletvos*]" = NO;
				TARGETED_DEVICE_FAMILY = "1,2";
			};
			name = Debug;
		};
		7FB9A68D2BBA2491D45E62B8 /* Debug */ = {
			isa = XCBuildConfiguration;
			buildSettings = {
				ASSETCATALOG_COMPILER_APPICON_NAME = AppIcon;
				CODE_SIGN_IDENTITY = "iPhone Developer";
				INFOPLIST_FILE = Sources/ContentCardUI/Info.plist;
				"IPHONEOS_DEPLOYMENT_TARGET[sdk=macosx*]" = 14.0;
				LD_RUNPATH_SEARCH_PATHS = (
					"$(inherited)",
					"@executable_path/Frameworks",
				);
				PRODUCT_BUNDLE_IDENTIFIER = com.braze.ContentCardUI;
				PRODUCT_NAME = ContentCardUI;
				SDKROOT = iphoneos;
				SUPPORTS_MACCATALYST = YES;
				"SUPPORTS_MACCATALYST[sdk=appletvos*]" = NO;
				TARGETED_DEVICE_FAMILY = "1,2";
			};
			name = Debug;
		};
		8998A6D8CF788CAD06AA5BE8 /* Release */ = {
			isa = XCBuildConfiguration;
			buildSettings = {
				ASSETCATALOG_COMPILER_APPICON_NAME = AppIcon;
				CODE_SIGN_IDENTITY = "iPhone Developer";
				INFOPLIST_FILE = "Sources/ContentCardUI-Customization/Info.plist";
				"IPHONEOS_DEPLOYMENT_TARGET[sdk=macosx*]" = 14.0;
				LD_RUNPATH_SEARCH_PATHS = (
					"$(inherited)",
					"@executable_path/Frameworks",
				);
				PRODUCT_BUNDLE_IDENTIFIER = "com.braze.ContentCardUI-Customization";
				PRODUCT_NAME = "ContentCardUI-Customization";
				SDKROOT = iphoneos;
				SUPPORTS_MACCATALYST = YES;
				"SUPPORTS_MACCATALYST[sdk=appletvos*]" = NO;
				TARGETED_DEVICE_FAMILY = "1,2";
			};
			name = Release;
		};
		947EC0697CF1F01DDC513FD6 /* Debug */ = {
			isa = XCBuildConfiguration;
			buildSettings = {
				ALWAYS_SEARCH_USER_PATHS = NO;
				CLANG_ANALYZER_NONNULL = YES;
				CLANG_ANALYZER_NUMBER_OBJECT_CONVERSION = YES_AGGRESSIVE;
				CLANG_CXX_LANGUAGE_STANDARD = "gnu++14";
				CLANG_CXX_LIBRARY = "libc++";
				CLANG_ENABLE_MODULES = YES;
				CLANG_ENABLE_OBJC_ARC = YES;
				CLANG_ENABLE_OBJC_WEAK = YES;
				CLANG_WARN_BLOCK_CAPTURE_AUTORELEASING = YES;
				CLANG_WARN_BOOL_CONVERSION = YES;
				CLANG_WARN_COMMA = YES;
				CLANG_WARN_CONSTANT_CONVERSION = YES;
				CLANG_WARN_DEPRECATED_OBJC_IMPLEMENTATIONS = YES;
				CLANG_WARN_DIRECT_OBJC_ISA_USAGE = YES_ERROR;
				CLANG_WARN_DOCUMENTATION_COMMENTS = YES;
				CLANG_WARN_EMPTY_BODY = YES;
				CLANG_WARN_ENUM_CONVERSION = YES;
				CLANG_WARN_INFINITE_RECURSION = YES;
				CLANG_WARN_INT_CONVERSION = YES;
				CLANG_WARN_NON_LITERAL_NULL_CONVERSION = YES;
				CLANG_WARN_OBJC_IMPLICIT_RETAIN_SELF = YES;
				CLANG_WARN_OBJC_LITERAL_CONVERSION = YES;
				CLANG_WARN_OBJC_ROOT_CLASS = YES_ERROR;
				CLANG_WARN_QUOTED_INCLUDE_IN_FRAMEWORK_HEADER = YES;
				CLANG_WARN_RANGE_LOOP_ANALYSIS = YES;
				CLANG_WARN_STRICT_PROTOTYPES = YES;
				CLANG_WARN_SUSPICIOUS_MOVE = YES;
				CLANG_WARN_UNGUARDED_AVAILABILITY = YES_AGGRESSIVE;
				CLANG_WARN_UNREACHABLE_CODE = YES;
				CLANG_WARN__DUPLICATE_METHOD_MATCH = YES;
				COPY_PHASE_STRIP = NO;
				DEBUG_INFORMATION_FORMAT = dwarf;
				ENABLE_STRICT_OBJC_MSGSEND = YES;
				ENABLE_TESTABILITY = YES;
				GCC_C_LANGUAGE_STANDARD = gnu11;
				GCC_DYNAMIC_NO_PIC = NO;
				GCC_NO_COMMON_BLOCKS = YES;
				GCC_OPTIMIZATION_LEVEL = 0;
				GCC_PREPROCESSOR_DEFINITIONS = (
					"$(inherited)",
					"DEBUG=1",
				);
				GCC_WARN_64_TO_32_BIT_CONVERSION = YES;
				GCC_WARN_ABOUT_RETURN_TYPE = YES_ERROR;
				GCC_WARN_UNDECLARED_SELECTOR = YES;
				GCC_WARN_UNINITIALIZED_AUTOS = YES_AGGRESSIVE;
				GCC_WARN_UNUSED_FUNCTION = YES;
				GCC_WARN_UNUSED_VARIABLE = YES;
				IPHONEOS_DEPLOYMENT_TARGET = 11.0;
				MTL_ENABLE_DEBUG_INFO = INCLUDE_SOURCE;
				MTL_FAST_MATH = YES;
				ONLY_ACTIVE_ARCH = YES;
				PRODUCT_NAME = "$(TARGET_NAME)";
				SWIFT_ACTIVE_COMPILATION_CONDITIONS = DEBUG;
				SWIFT_OPTIMIZATION_LEVEL = "-Onone";
				SWIFT_VERSION = 5.0;
				TVOS_DEPLOYMENT_TARGET = 11.0;
			};
			name = Debug;
		};
		A3083010FB3D4703ED5F1EDB /* Debug */ = {
			isa = XCBuildConfiguration;
			buildSettings = {
				ASSETCATALOG_COMPILER_APPICON_NAME = AppIcon;
				CODE_SIGN_IDENTITY = "iPhone Developer";
				INFOPLIST_FILE = "Sources/InAppMessageUI-Customization/Info.plist";
				"IPHONEOS_DEPLOYMENT_TARGET[sdk=macosx*]" = 14.0;
				LD_RUNPATH_SEARCH_PATHS = (
					"$(inherited)",
					"@executable_path/Frameworks",
				);
				PRODUCT_BUNDLE_IDENTIFIER = "com.braze.InAppMessageUI-Customization";
				PRODUCT_NAME = "InAppMessageUI-Customization";
				SDKROOT = iphoneos;
				SUPPORTS_MACCATALYST = YES;
				"SUPPORTS_MACCATALYST[sdk=appletvos*]" = NO;
				TARGETED_DEVICE_FAMILY = "1,2";
			};
			name = Debug;
		};
		A653F811811645548266EC3A /* Release */ = {
			isa = XCBuildConfiguration;
			buildSettings = {
				ASSETCATALOG_COMPILER_APPICON_NAME = "App Icon & Top Shelf Image";
				ASSETCATALOG_COMPILER_LAUNCHIMAGE_NAME = LaunchImage;
				INFOPLIST_FILE = Sources/Analytics/Info.plist;
				"IPHONEOS_DEPLOYMENT_TARGET[sdk=macosx*]" = 14.0;
				LD_RUNPATH_SEARCH_PATHS = (
					"$(inherited)",
					"@executable_path/Frameworks",
				);
				PRODUCT_BUNDLE_IDENTIFIER = "com.braze.Analytics-tvOS";
				PRODUCT_NAME = Analytics;
				SDKROOT = appletvos;
				SUPPORTS_MACCATALYST = YES;
				"SUPPORTS_MACCATALYST[sdk=appletvos*]" = NO;
				TARGETED_DEVICE_FAMILY = 3;
			};
			name = Release;
		};
		AD10B335B59906CFA974D2B9 /* Debug */ = {
			isa = XCBuildConfiguration;
			buildSettings = {
				ASSETCATALOG_COMPILER_APPICON_NAME = AppIcon;
				CODE_SIGN_IDENTITY = "iPhone Developer";
				INFOPLIST_FILE = Sources/InAppMessageUI/Info.plist;
				"IPHONEOS_DEPLOYMENT_TARGET[sdk=macosx*]" = 14.0;
				LD_RUNPATH_SEARCH_PATHS = (
					"$(inherited)",
					"@executable_path/Frameworks",
				);
				PRODUCT_BUNDLE_IDENTIFIER = com.braze.InAppMessageUI;
				PRODUCT_NAME = InAppMessageUI;
				SDKROOT = iphoneos;
				SUPPORTS_MACCATALYST = YES;
				"SUPPORTS_MACCATALYST[sdk=appletvos*]" = NO;
				TARGETED_DEVICE_FAMILY = "1,2";
			};
			name = Debug;
		};
		AEB7354D56CC1297356D6010 /* Release */ = {
			isa = XCBuildConfiguration;
			buildSettings = {
				ASSETCATALOG_COMPILER_APPICON_NAME = AppIcon;
				CODE_SIGN_ENTITLEMENTS = Sources/Location/Location.entitlements;
				CODE_SIGN_IDENTITY = "iPhone Developer";
				INFOPLIST_FILE = Sources/Location/Info.plist;
				"IPHONEOS_DEPLOYMENT_TARGET[sdk=macosx*]" = 14.0;
				LD_RUNPATH_SEARCH_PATHS = (
					"$(inherited)",
					"@executable_path/Frameworks",
				);
				PRODUCT_BUNDLE_IDENTIFIER = "com.braze.Location-iOS";
				PRODUCT_NAME = Location;
				SDKROOT = iphoneos;
				SUPPORTS_MACCATALYST = YES;
				"SUPPORTS_MACCATALYST[sdk=appletvos*]" = NO;
				TARGETED_DEVICE_FAMILY = "1,2";
			};
			name = Release;
		};
		BA01071103F7280839CDFBF1 /* Debug */ = {
			isa = XCBuildConfiguration;
			buildSettings = {
				ASSETCATALOG_COMPILER_APPICON_NAME = "App Icon & Top Shelf Image";
				ASSETCATALOG_COMPILER_LAUNCHIMAGE_NAME = LaunchImage;
				INFOPLIST_FILE = "Sources/ContentCards-Custom-UI/Info.plist";
				"IPHONEOS_DEPLOYMENT_TARGET[sdk=macosx*]" = 14.0;
				LD_RUNPATH_SEARCH_PATHS = (
					"$(inherited)",
					"@executable_path/Frameworks",
				);
				PRODUCT_BUNDLE_IDENTIFIER = "com.braze.ContentCards-Custom-UI-tvOS";
				PRODUCT_NAME = "ContentCards-Custom-UI";
				SDKROOT = appletvos;
				SUPPORTS_MACCATALYST = YES;
				"SUPPORTS_MACCATALYST[sdk=appletvos*]" = NO;
				TARGETED_DEVICE_FAMILY = 3;
			};
			name = Debug;
		};
		C53D3849AB3D8DAE264A3A51 /* Debug */ = {
			isa = XCBuildConfiguration;
			buildSettings = {
				INFOPLIST_FILE = Sources/PushNotificationsServiceExtension/Info.plist;
				"IPHONEOS_DEPLOYMENT_TARGET[sdk=macosx*]" = 14.0;
				LD_RUNPATH_SEARCH_PATHS = (
					"$(inherited)",
					"@executable_path/Frameworks",
					"@executable_path/../../Frameworks",
				);
				PRODUCT_BUNDLE_IDENTIFIER = com.braze.PushNotifications.PushNotificationsServiceExtension;
				SDKROOT = iphoneos;
				SUPPORTS_MACCATALYST = YES;
				"SUPPORTS_MACCATALYST[sdk=appletvos*]" = NO;
				TARGETED_DEVICE_FAMILY = "1,2";
			};
			name = Debug;
		};
		CB3623C61BBC3C376E5B72A7 /* Debug */ = {
			isa = XCBuildConfiguration;
			buildSettings = {
				ASSETCATALOG_COMPILER_APPICON_NAME = AppIcon;
				CODE_SIGN_IDENTITY = "iPhone Developer";
				INFOPLIST_FILE = "Sources/ContentCardUI-Customization/Info.plist";
				"IPHONEOS_DEPLOYMENT_TARGET[sdk=macosx*]" = 14.0;
				LD_RUNPATH_SEARCH_PATHS = (
					"$(inherited)",
					"@executable_path/Frameworks",
				);
				PRODUCT_BUNDLE_IDENTIFIER = "com.braze.ContentCardUI-Customization";
				PRODUCT_NAME = "ContentCardUI-Customization";
				SDKROOT = iphoneos;
				SUPPORTS_MACCATALYST = YES;
				"SUPPORTS_MACCATALYST[sdk=appletvos*]" = NO;
				TARGETED_DEVICE_FAMILY = "1,2";
			};
			name = Debug;
		};
		CEB9C70E635252D9B31CC760 /* Release */ = {
			isa = XCBuildConfiguration;
			buildSettings = {
				ASSETCATALOG_COMPILER_APPICON_NAME = AppIcon;
				CODE_SIGN_IDENTITY = "iPhone Developer";
				INFOPLIST_FILE = Sources/ContentCardUI/Info.plist;
				"IPHONEOS_DEPLOYMENT_TARGET[sdk=macosx*]" = 14.0;
				LD_RUNPATH_SEARCH_PATHS = (
					"$(inherited)",
					"@executable_path/Frameworks",
				);
				PRODUCT_BUNDLE_IDENTIFIER = com.braze.ContentCardUI;
				PRODUCT_NAME = ContentCardUI;
				SDKROOT = iphoneos;
				SUPPORTS_MACCATALYST = YES;
				"SUPPORTS_MACCATALYST[sdk=appletvos*]" = NO;
				TARGETED_DEVICE_FAMILY = "1,2";
			};
			name = Release;
		};
		CFC0E247B97C5CEDBAF0B857 /* Debug */ = {
			isa = XCBuildConfiguration;
			buildSettings = {
				CODE_SIGN_ENTITLEMENTS = Sources/PushNotificationsContentExtension/PushNotificationsContentExtension.entitlements;
				INFOPLIST_FILE = Sources/PushNotificationsContentExtension/Info.plist;
				"IPHONEOS_DEPLOYMENT_TARGET[sdk=macosx*]" = 14.0;
				LD_RUNPATH_SEARCH_PATHS = (
					"$(inherited)",
					"@executable_path/Frameworks",
					"@executable_path/../../Frameworks",
				);
				PRODUCT_BUNDLE_IDENTIFIER = com.braze.PushNotifications.PushNotificationsContentExtension;
				SDKROOT = iphoneos;
				SUPPORTS_MACCATALYST = YES;
				"SUPPORTS_MACCATALYST[sdk=appletvos*]" = NO;
				TARGETED_DEVICE_FAMILY = "1,2";
			};
			name = Debug;
		};
		D34FC9390D8C12046901C916 /* Release */ = {
			isa = XCBuildConfiguration;
			buildSettings = {
				CODE_SIGN_ENTITLEMENTS = Sources/PushNotificationsContentExtension/PushNotificationsContentExtension.entitlements;
				INFOPLIST_FILE = Sources/PushNotificationsContentExtension/Info.plist;
				"IPHONEOS_DEPLOYMENT_TARGET[sdk=macosx*]" = 14.0;
				LD_RUNPATH_SEARCH_PATHS = (
					"$(inherited)",
					"@executable_path/Frameworks",
					"@executable_path/../../Frameworks",
				);
				PRODUCT_BUNDLE_IDENTIFIER = com.braze.PushNotifications.PushNotificationsContentExtension;
				SDKROOT = iphoneos;
				SUPPORTS_MACCATALYST = YES;
				"SUPPORTS_MACCATALYST[sdk=appletvos*]" = NO;
				TARGETED_DEVICE_FAMILY = "1,2";
			};
			name = Release;
		};
		D41CC2321BB3390AFD4C3C77 /* Release */ = {
			isa = XCBuildConfiguration;
			buildSettings = {
				ASSETCATALOG_COMPILER_APPICON_NAME = AppIcon;
				CODE_SIGN_ENTITLEMENTS = Sources/PushNotifications/PushNotifications.entitlements;
				CODE_SIGN_IDENTITY = "iPhone Developer";
				INFOPLIST_FILE = Sources/PushNotifications/Info.plist;
				"IPHONEOS_DEPLOYMENT_TARGET[sdk=macosx*]" = 14.0;
				LD_RUNPATH_SEARCH_PATHS = (
					"$(inherited)",
					"@executable_path/Frameworks",
				);
				PRODUCT_BUNDLE_IDENTIFIER = com.braze.PushNotifications;
				PRODUCT_NAME = PushNotifications;
				SDKROOT = iphoneos;
				SUPPORTS_MACCATALYST = YES;
				"SUPPORTS_MACCATALYST[sdk=appletvos*]" = NO;
				TARGETED_DEVICE_FAMILY = "1,2";
			};
			name = Release;
		};
		D42220F54B188367F09D51F2 /* Release */ = {
			isa = XCBuildConfiguration;
			buildSettings = {
				ASSETCATALOG_COMPILER_APPICON_NAME = AppIcon;
				CODE_SIGN_IDENTITY = "iPhone Developer";
				INFOPLIST_FILE = Sources/Analytics/Info.plist;
				"IPHONEOS_DEPLOYMENT_TARGET[sdk=macosx*]" = 14.0;
				LD_RUNPATH_SEARCH_PATHS = (
					"$(inherited)",
					"@executable_path/Frameworks",
				);
				PRODUCT_BUNDLE_IDENTIFIER = "com.braze.Analytics-iOS";
				PRODUCT_NAME = Analytics;
				SDKROOT = iphoneos;
				SUPPORTS_MACCATALYST = YES;
				"SUPPORTS_MACCATALYST[sdk=appletvos*]" = NO;
				TARGETED_DEVICE_FAMILY = "1,2";
			};
			name = Release;
		};
		D73FE2FD92F59639E0E66547 /* Debug */ = {
			isa = XCBuildConfiguration;
			buildSettings = {
				ASSETCATALOG_COMPILER_APPICON_NAME = "App Icon & Top Shelf Image";
				ASSETCATALOG_COMPILER_LAUNCHIMAGE_NAME = LaunchImage;
				INFOPLIST_FILE = Sources/Analytics/Info.plist;
				"IPHONEOS_DEPLOYMENT_TARGET[sdk=macosx*]" = 14.0;
				LD_RUNPATH_SEARCH_PATHS = (
					"$(inherited)",
					"@executable_path/Frameworks",
				);
				PRODUCT_BUNDLE_IDENTIFIER = "com.braze.Analytics-tvOS";
				PRODUCT_NAME = Analytics;
				SDKROOT = appletvos;
				SUPPORTS_MACCATALYST = YES;
				"SUPPORTS_MACCATALYST[sdk=appletvos*]" = NO;
				TARGETED_DEVICE_FAMILY = 3;
			};
			name = Debug;
		};
		DE8D4E38BE17112E316C9452 /* Release */ = {
			isa = XCBuildConfiguration;
			buildSettings = {
				ASSETCATALOG_COMPILER_APPICON_NAME = AppIcon;
				CODE_SIGN_IDENTITY = "iPhone Developer";
				INFOPLIST_FILE = Sources/InAppMessageUI/Info.plist;
				"IPHONEOS_DEPLOYMENT_TARGET[sdk=macosx*]" = 14.0;
				LD_RUNPATH_SEARCH_PATHS = (
					"$(inherited)",
					"@executable_path/Frameworks",
				);
				PRODUCT_BUNDLE_IDENTIFIER = com.braze.InAppMessageUI;
				PRODUCT_NAME = InAppMessageUI;
				SDKROOT = iphoneos;
				SUPPORTS_MACCATALYST = YES;
				"SUPPORTS_MACCATALYST[sdk=appletvos*]" = NO;
				TARGETED_DEVICE_FAMILY = "1,2";
			};
			name = Release;
		};
		E65B5BA1B04DACDE3D423387 /* Release */ = {
			isa = XCBuildConfiguration;
			buildSettings = {
				ASSETCATALOG_COMPILER_APPICON_NAME = AppIcon;
				CODE_SIGN_IDENTITY = "iPhone Developer";
				INFOPLIST_FILE = "Sources/InAppMessageUI-Customization/Info.plist";
				"IPHONEOS_DEPLOYMENT_TARGET[sdk=macosx*]" = 14.0;
				LD_RUNPATH_SEARCH_PATHS = (
					"$(inherited)",
					"@executable_path/Frameworks",
				);
				PRODUCT_BUNDLE_IDENTIFIER = "com.braze.InAppMessageUI-Customization";
				PRODUCT_NAME = "InAppMessageUI-Customization";
				SDKROOT = iphoneos;
				SUPPORTS_MACCATALYST = YES;
				"SUPPORTS_MACCATALYST[sdk=appletvos*]" = NO;
				TARGETED_DEVICE_FAMILY = "1,2";
			};
			name = Release;
		};
		E93F9B7A3E25FB962107ED6A /* Release */ = {
			isa = XCBuildConfiguration;
			buildSettings = {
				ALWAYS_SEARCH_USER_PATHS = NO;
				CLANG_ANALYZER_NONNULL = YES;
				CLANG_ANALYZER_NUMBER_OBJECT_CONVERSION = YES_AGGRESSIVE;
				CLANG_CXX_LANGUAGE_STANDARD = "gnu++14";
				CLANG_CXX_LIBRARY = "libc++";
				CLANG_ENABLE_MODULES = YES;
				CLANG_ENABLE_OBJC_ARC = YES;
				CLANG_ENABLE_OBJC_WEAK = YES;
				CLANG_WARN_BLOCK_CAPTURE_AUTORELEASING = YES;
				CLANG_WARN_BOOL_CONVERSION = YES;
				CLANG_WARN_COMMA = YES;
				CLANG_WARN_CONSTANT_CONVERSION = YES;
				CLANG_WARN_DEPRECATED_OBJC_IMPLEMENTATIONS = YES;
				CLANG_WARN_DIRECT_OBJC_ISA_USAGE = YES_ERROR;
				CLANG_WARN_DOCUMENTATION_COMMENTS = YES;
				CLANG_WARN_EMPTY_BODY = YES;
				CLANG_WARN_ENUM_CONVERSION = YES;
				CLANG_WARN_INFINITE_RECURSION = YES;
				CLANG_WARN_INT_CONVERSION = YES;
				CLANG_WARN_NON_LITERAL_NULL_CONVERSION = YES;
				CLANG_WARN_OBJC_IMPLICIT_RETAIN_SELF = YES;
				CLANG_WARN_OBJC_LITERAL_CONVERSION = YES;
				CLANG_WARN_OBJC_ROOT_CLASS = YES_ERROR;
				CLANG_WARN_QUOTED_INCLUDE_IN_FRAMEWORK_HEADER = YES;
				CLANG_WARN_RANGE_LOOP_ANALYSIS = YES;
				CLANG_WARN_STRICT_PROTOTYPES = YES;
				CLANG_WARN_SUSPICIOUS_MOVE = YES;
				CLANG_WARN_UNGUARDED_AVAILABILITY = YES_AGGRESSIVE;
				CLANG_WARN_UNREACHABLE_CODE = YES;
				CLANG_WARN__DUPLICATE_METHOD_MATCH = YES;
				COPY_PHASE_STRIP = NO;
				DEBUG_INFORMATION_FORMAT = "dwarf-with-dsym";
				ENABLE_NS_ASSERTIONS = NO;
				ENABLE_STRICT_OBJC_MSGSEND = YES;
				GCC_C_LANGUAGE_STANDARD = gnu11;
				GCC_NO_COMMON_BLOCKS = YES;
				GCC_WARN_64_TO_32_BIT_CONVERSION = YES;
				GCC_WARN_ABOUT_RETURN_TYPE = YES_ERROR;
				GCC_WARN_UNDECLARED_SELECTOR = YES;
				GCC_WARN_UNINITIALIZED_AUTOS = YES_AGGRESSIVE;
				GCC_WARN_UNUSED_FUNCTION = YES;
				GCC_WARN_UNUSED_VARIABLE = YES;
				IPHONEOS_DEPLOYMENT_TARGET = 11.0;
				MTL_ENABLE_DEBUG_INFO = NO;
				MTL_FAST_MATH = YES;
				PRODUCT_NAME = "$(TARGET_NAME)";
				SWIFT_COMPILATION_MODE = wholemodule;
				SWIFT_OPTIMIZATION_LEVEL = "-O";
				SWIFT_VERSION = 5.0;
				TVOS_DEPLOYMENT_TARGET = 11.0;
			};
			name = Release;
		};
		F97E175B39C55208E8A73860 /* Release */ = {
			isa = XCBuildConfiguration;
			buildSettings = {
				ASSETCATALOG_COMPILER_APPICON_NAME = AppIcon;
				CODE_SIGN_IDENTITY = "iPhone Developer";
				INFOPLIST_FILE = "Sources/ContentCards-Custom-UI/Info.plist";
				"IPHONEOS_DEPLOYMENT_TARGET[sdk=macosx*]" = 14.0;
				LD_RUNPATH_SEARCH_PATHS = (
					"$(inherited)",
					"@executable_path/Frameworks",
				);
				PRODUCT_BUNDLE_IDENTIFIER = "com.braze.ContentCards-Custom-UI-iOS";
				PRODUCT_NAME = "ContentCards-Custom-UI";
				SDKROOT = iphoneos;
				SUPPORTS_MACCATALYST = YES;
				"SUPPORTS_MACCATALYST[sdk=appletvos*]" = NO;
				TARGETED_DEVICE_FAMILY = "1,2";
			};
			name = Release;
		};
		FB51E977835920E25D8EB81E /* Debug */ = {
			isa = XCBuildConfiguration;
			buildSettings = {
				ASSETCATALOG_COMPILER_APPICON_NAME = AppIcon;
				CODE_SIGN_ENTITLEMENTS = Sources/PushNotifications/PushNotifications.entitlements;
				CODE_SIGN_IDENTITY = "iPhone Developer";
				INFOPLIST_FILE = Sources/PushNotifications/Info.plist;
				"IPHONEOS_DEPLOYMENT_TARGET[sdk=macosx*]" = 14.0;
				LD_RUNPATH_SEARCH_PATHS = (
					"$(inherited)",
					"@executable_path/Frameworks",
				);
				PRODUCT_BUNDLE_IDENTIFIER = com.braze.PushNotifications;
				PRODUCT_NAME = PushNotifications;
				SDKROOT = iphoneos;
				SUPPORTS_MACCATALYST = YES;
				"SUPPORTS_MACCATALYST[sdk=appletvos*]" = NO;
				TARGETED_DEVICE_FAMILY = "1,2";
			};
			name = Debug;
		};
/* End XCBuildConfiguration section */

/* Begin XCConfigurationList section */
		03D1E503F9863A03CB17E53A /* Build configuration list for PBXNativeTarget "PushNotificationsContentExtension" */ = {
			isa = XCConfigurationList;
			buildConfigurations = (
				CFC0E247B97C5CEDBAF0B857 /* Debug */,
				D34FC9390D8C12046901C916 /* Release */,
			);
			defaultConfigurationIsVisible = 0;
			defaultConfigurationName = Debug;
		};
		1D61EB4EA4EACDE551DB7D19 /* Build configuration list for PBXProject "Examples-CocoaPods" */ = {
			isa = XCConfigurationList;
			buildConfigurations = (
				947EC0697CF1F01DDC513FD6 /* Debug */,
				E93F9B7A3E25FB962107ED6A /* Release */,
			);
			defaultConfigurationIsVisible = 0;
			defaultConfigurationName = Debug;
		};
		33777E174E4CC017CCCB31A8 /* Build configuration list for PBXNativeTarget "ContentCards-Custom-UI-iOS" */ = {
			isa = XCConfigurationList;
			buildConfigurations = (
				0B6E144276BF004EFE80A784 /* Debug */,
				F97E175B39C55208E8A73860 /* Release */,
			);
			defaultConfigurationIsVisible = 0;
			defaultConfigurationName = Debug;
		};
		33A0A8897465C6BD7C17C2E6 /* Build configuration list for PBXNativeTarget "Analytics-tvOS" */ = {
			isa = XCConfigurationList;
			buildConfigurations = (
				D73FE2FD92F59639E0E66547 /* Debug */,
				A653F811811645548266EC3A /* Release */,
			);
			defaultConfigurationIsVisible = 0;
			defaultConfigurationName = Debug;
		};
		38CA0A5742C4A4988D4584C2 /* Build configuration list for PBXNativeTarget "ContentCards-Custom-UI-tvOS" */ = {
			isa = XCConfigurationList;
			buildConfigurations = (
				BA01071103F7280839CDFBF1 /* Debug */,
				67E21615E4F6D7BFAA160A31 /* Release */,
			);
			defaultConfigurationIsVisible = 0;
			defaultConfigurationName = Debug;
		};
		43414268546ED18E21E7E892 /* Build configuration list for PBXNativeTarget "Analytics-iOS" */ = {
			isa = XCConfigurationList;
			buildConfigurations = (
				4EBD32EE3B16C9EBF7493F73 /* Debug */,
				D42220F54B188367F09D51F2 /* Release */,
			);
			defaultConfigurationIsVisible = 0;
			defaultConfigurationName = Debug;
		};
		4CBDCD32BF67ACE4E2977EFA /* Build configuration list for PBXNativeTarget "Location-iOS" */ = {
			isa = XCConfigurationList;
			buildConfigurations = (
				74B3175DE3731381F52D100D /* Debug */,
				AEB7354D56CC1297356D6010 /* Release */,
			);
			defaultConfigurationIsVisible = 0;
			defaultConfigurationName = Debug;
		};
		59402C8CB5DE66A776947595 /* Build configuration list for PBXNativeTarget "PushNotifications" */ = {
			isa = XCConfigurationList;
			buildConfigurations = (
				FB51E977835920E25D8EB81E /* Debug */,
				D41CC2321BB3390AFD4C3C77 /* Release */,
			);
			defaultConfigurationIsVisible = 0;
			defaultConfigurationName = Debug;
		};
		72920B71D538BFAF8A028D09 /* Build configuration list for PBXNativeTarget "InAppMessages-Custom-UI-iOS" */ = {
			isa = XCConfigurationList;
			buildConfigurations = (
				77420AEFB5CE84A97B402C8C /* Debug */,
				0B782479BDDFAA91B90B6411 /* Release */,
			);
			defaultConfigurationIsVisible = 0;
			defaultConfigurationName = Debug;
		};
		B76990766EAEC18717669D6F /* Build configuration list for PBXNativeTarget "Location-tvOS" */ = {
			isa = XCConfigurationList;
			buildConfigurations = (
				277ABE8F9A11018387A77412 /* Debug */,
				61077A56E64ADBA96CA8CE0C /* Release */,
			);
			defaultConfigurationIsVisible = 0;
			defaultConfigurationName = Debug;
		};
		C0DB4C99D5F365A19C5D1EA5 /* Build configuration list for PBXNativeTarget "ContentCardUI-Customization" */ = {
			isa = XCConfigurationList;
			buildConfigurations = (
				CB3623C61BBC3C376E5B72A7 /* Debug */,
				8998A6D8CF788CAD06AA5BE8 /* Release */,
			);
			defaultConfigurationIsVisible = 0;
			defaultConfigurationName = Debug;
		};
		D767F3158D7C98C16E53CE31 /* Build configuration list for PBXNativeTarget "PushNotificationsServiceExtension" */ = {
			isa = XCConfigurationList;
			buildConfigurations = (
				C53D3849AB3D8DAE264A3A51 /* Debug */,
				0DB286FC893227921592442C /* Release */,
			);
			defaultConfigurationIsVisible = 0;
			defaultConfigurationName = Debug;
		};
		DB14AAC10B81B8A88D4B480B /* Build configuration list for PBXNativeTarget "ContentCardUI" */ = {
			isa = XCConfigurationList;
			buildConfigurations = (
				7FB9A68D2BBA2491D45E62B8 /* Debug */,
				CEB9C70E635252D9B31CC760 /* Release */,
			);
			defaultConfigurationIsVisible = 0;
			defaultConfigurationName = Debug;
		};
		DDE628DA72FB7DB13146D374 /* Build configuration list for PBXNativeTarget "InAppMessageUI-Customization" */ = {
			isa = XCConfigurationList;
			buildConfigurations = (
				A3083010FB3D4703ED5F1EDB /* Debug */,
				E65B5BA1B04DACDE3D423387 /* Release */,
			);
			defaultConfigurationIsVisible = 0;
			defaultConfigurationName = Debug;
		};
		E26727234EAA2C9FFB557AF2 /* Build configuration list for PBXNativeTarget "InAppMessages-Custom-UI-tvOS" */ = {
			isa = XCConfigurationList;
			buildConfigurations = (
				2178EDBFBF71828E507601C1 /* Debug */,
				1CE2539A10E8624E8EDD3601 /* Release */,
			);
			defaultConfigurationIsVisible = 0;
			defaultConfigurationName = Debug;
		};
		EAE52C7CF1CCCF03356FA080 /* Build configuration list for PBXNativeTarget "InAppMessageUI" */ = {
			isa = XCConfigurationList;
			buildConfigurations = (
				AD10B335B59906CFA974D2B9 /* Debug */,
				DE8D4E38BE17112E316C9452 /* Release */,
			);
			defaultConfigurationIsVisible = 0;
			defaultConfigurationName = Debug;
		};
/* End XCConfigurationList section */
	};
	rootObject = C9F9231105531CE428ADD921 /* Project object */;
}
